// !$*UTF8*$!
{
	archiveVersion = 1;
	classes = {
	};
	objectVersion = 46;
	objects = {

/* Begin PBXBuildFile section */
		741478131992215A00608648 /* apple.png in Resources */ = {isa = PBXBuildFile; fileRef = 741478051992215A00608648 /* apple.png */; };
		741478141992215A00608648 /* buttongreen_highlighted.png in Resources */ = {isa = PBXBuildFile; fileRef = 741478061992215A00608648 /* buttongreen_highlighted.png */; };
		741478151992215A00608648 /* buttongreen.png in Resources */ = {isa = PBXBuildFile; fileRef = 741478071992215A00608648 /* buttongreen.png */; };
		741478161992215A00608648 /* calendar.png in Resources */ = {isa = PBXBuildFile; fileRef = 741478081992215A00608648 /* calendar.png */; };
		741478171992215A00608648 /* cd.png in Resources */ = {isa = PBXBuildFile; fileRef = 741478091992215A00608648 /* cd.png */; };
		741478181992215A00608648 /* clock.png in Resources */ = {isa = PBXBuildFile; fileRef = 7414780A1992215A00608648 /* clock.png */; };
		741478191992215A00608648 /* drink.png in Resources */ = {isa = PBXBuildFile; fileRef = 7414780B1992215A00608648 /* drink.png */; };
		7414781A1992215A00608648 /* dumbbell.png in Resources */ = {isa = PBXBuildFile; fileRef = 7414780C1992215A00608648 /* dumbbell.png */; };
		7414781B1992215A00608648 /* heart.png in Resources */ = {isa = PBXBuildFile; fileRef = 7414780D1992215A00608648 /* heart.png */; };
		7414781C1992215A00608648 /* muscles.png in Resources */ = {isa = PBXBuildFile; fileRef = 7414780E1992215A00608648 /* muscles.png */; };
		7414781D1992215A00608648 /* music.png in Resources */ = {isa = PBXBuildFile; fileRef = 7414780F1992215A00608648 /* music.png */; };
		7414781E1992215A00608648 /* sun.png in Resources */ = {isa = PBXBuildFile; fileRef = 741478101992215A00608648 /* sun.png */; };
		7414781F1992215A00608648 /* weight.png in Resources */ = {isa = PBXBuildFile; fileRef = 741478111992215A00608648 /* weight.png */; };
		741478201992215A00608648 /* word.png in Resources */ = {isa = PBXBuildFile; fileRef = 741478121992215A00608648 /* word.png */; };
		7483A54F1990A376006AC38C /* Foundation.framework in Frameworks */ = {isa = PBXBuildFile; fileRef = 7483A54E1990A376006AC38C /* Foundation.framework */; };
		7483A5511990A376006AC38C /* CoreGraphics.framework in Frameworks */ = {isa = PBXBuildFile; fileRef = 7483A5501990A376006AC38C /* CoreGraphics.framework */; };
		7483A5531990A376006AC38C /* UIKit.framework in Frameworks */ = {isa = PBXBuildFile; fileRef = 7483A5521990A376006AC38C /* UIKit.framework */; };
		7483A5591990A376006AC38C /* InfoPlist.strings in Resources */ = {isa = PBXBuildFile; fileRef = 7483A5571990A376006AC38C /* InfoPlist.strings */; };
		7483A55B1990A376006AC38C /* main.m in Sources */ = {isa = PBXBuildFile; fileRef = 7483A55A1990A376006AC38C /* main.m */; };
		7483A55F1990A376006AC38C /* AppDelegate.m in Sources */ = {isa = PBXBuildFile; fileRef = 7483A55E1990A376006AC38C /* AppDelegate.m */; };
		7483A5621990A376006AC38C /* Main.storyboard in Resources */ = {isa = PBXBuildFile; fileRef = 7483A5601990A376006AC38C /* Main.storyboard */; };
		7483A5651990A376006AC38C /* ViewController.m in Sources */ = {isa = PBXBuildFile; fileRef = 7483A5641990A376006AC38C /* ViewController.m */; };
		7483A5671990A376006AC38C /* Images.xcassets in Resources */ = {isa = PBXBuildFile; fileRef = 7483A5661990A376006AC38C /* Images.xcassets */; };
		7483A56E1990A376006AC38C /* XCTest.framework in Frameworks */ = {isa = PBXBuildFile; fileRef = 7483A56D1990A376006AC38C /* XCTest.framework */; };
		7483A56F1990A376006AC38C /* Foundation.framework in Frameworks */ = {isa = PBXBuildFile; fileRef = 7483A54E1990A376006AC38C /* Foundation.framework */; };
		7483A5701990A376006AC38C /* UIKit.framework in Frameworks */ = {isa = PBXBuildFile; fileRef = 7483A5521990A376006AC38C /* UIKit.framework */; };
		7483A5781990A376006AC38C /* InfoPlist.strings in Resources */ = {isa = PBXBuildFile; fileRef = 7483A5761990A376006AC38C /* InfoPlist.strings */; };
		7483A57A1990A376006AC38C /* iOS__UI_________Tests.m in Sources */ = {isa = PBXBuildFile; fileRef = 7483A5791990A376006AC38C /* iOS__UI_________Tests.m */; };
		7483A5A11990A3EA006AC38C /* app.plist in Resources */ = {isa = PBXBuildFile; fileRef = 7483A5A01990A3EA006AC38C /* app.plist */; };
/* End PBXBuildFile section */

/* Begin PBXContainerItemProxy section */
		7483A5711990A376006AC38C /* PBXContainerItemProxy */ = {
			isa = PBXContainerItemProxy;
			containerPortal = 7483A5431990A375006AC38C /* Project object */;
			proxyType = 1;
			remoteGlobalIDString = 7483A54A1990A376006AC38C;
			remoteInfo = "iOS开发UI篇-九宫格坐标计算";
		};
/* End PBXContainerItemProxy section */

/* Begin PBXFileReference section */
		741478051992215A00608648 /* apple.png */ = {isa = PBXFileReference; lastKnownFileType = image.png; path = apple.png; sourceTree = "<group>"; };
		741478061992215A00608648 /* buttongreen_highlighted.png */ = {isa = PBXFileReference; lastKnownFileType = image.png; path = buttongreen_highlighted.png; sourceTree = "<group>"; };
		741478071992215A00608648 /* buttongreen.png */ = {isa = PBXFileReference; lastKnownFileType = image.png; path = buttongreen.png; sourceTree = "<group>"; };
		741478081992215A00608648 /* calendar.png */ = {isa = PBXFileReference; lastKnownFileType = image.png; path = calendar.png; sourceTree = "<group>"; };
		741478091992215A00608648 /* cd.png */ = {isa = PBXFileReference; lastKnownFileType = image.png; path = cd.png; sourceTree = "<group>"; };
		7414780A1992215A00608648 /* clock.png */ = {isa = PBXFileReference; lastKnownFileType = image.png; path = clock.png; sourceTree = "<group>"; };
		7414780B1992215A00608648 /* drink.png */ = {isa = PBXFileReference; lastKnownFileType = image.png; path = drink.png; sourceTree = "<group>"; };
		7414780C1992215A00608648 /* dumbbell.png */ = {isa = PBXFileReference; lastKnownFileType = image.png; path = dumbbell.png; sourceTree = "<group>"; };
		7414780D1992215A00608648 /* heart.png */ = {isa = PBXFileReference; lastKnownFileType = image.png; path = heart.png; sourceTree = "<group>"; };
		7414780E1992215A00608648 /* muscles.png */ = {isa = PBXFileReference; lastKnownFileType = image.png; path = muscles.png; sourceTree = "<group>"; };
		7414780F1992215A00608648 /* music.png */ = {isa = PBXFileReference; lastKnownFileType = image.png; path = music.png; sourceTree = "<group>"; };
		741478101992215A00608648 /* sun.png */ = {isa = PBXFileReference; lastKnownFileType = image.png; path = sun.png; sourceTree = "<group>"; };
		741478111992215A00608648 /* weight.png */ = {isa = PBXFileReference; lastKnownFileType = image.png; path = weight.png; sourceTree = "<group>"; };
		741478121992215A00608648 /* word.png */ = {isa = PBXFileReference; lastKnownFileType = image.png; path = word.png; sourceTree = "<group>"; };
		7483A54B1990A376006AC38C /* iOS开发UI篇-九宫格坐标计算.app */ = {isa = PBXFileReference; explicitFileType = wrapper.application; includeInIndex = 0; path = "iOS开发UI篇-九宫格坐标计算.app"; sourceTree = BUILT_PRODUCTS_DIR; };
		7483A54E1990A376006AC38C /* Foundation.framework */ = {isa = PBXFileReference; lastKnownFileType = wrapper.framework; name = Foundation.framework; path = System/Library/Frameworks/Foundation.framework; sourceTree = SDKROOT; };
		7483A5501990A376006AC38C /* CoreGraphics.framework */ = {isa = PBXFileReference; lastKnownFileType = wrapper.framework; name = CoreGraphics.framework; path = System/Library/Frameworks/CoreGraphics.framework; sourceTree = SDKROOT; };
		7483A5521990A376006AC38C /* UIKit.framework */ = {isa = PBXFileReference; lastKnownFileType = wrapper.framework; name = UIKit.framework; path = System/Library/Frameworks/UIKit.framework; sourceTree = SDKROOT; };
		7483A5561990A376006AC38C /* iOS开发UI篇-九宫格坐标计算-Info.plist */ = {isa = PBXFileReference; lastKnownFileType = text.plist.xml; path = "iOS开发UI篇-九宫格坐标计算-Info.plist"; sourceTree = "<group>"; };
		7483A5581990A376006AC38C /* en */ = {isa = PBXFileReference; lastKnownFileType = text.plist.strings; name = en; path = en.lproj/InfoPlist.strings; sourceTree = "<group>"; };
		7483A55A1990A376006AC38C /* main.m */ = {isa = PBXFileReference; lastKnownFileType = sourcecode.c.objc; path = main.m; sourceTree = "<group>"; };
		7483A55C1990A376006AC38C /* iOS开发UI篇-九宫格坐标计算-Prefix.pch */ = {isa = PBXFileReference; lastKnownFileType = sourcecode.c.h; path = "iOS开发UI篇-九宫格坐标计算-Prefix.pch"; sourceTree = "<group>"; };
		7483A55D1990A376006AC38C /* AppDelegate.h */ = {isa = PBXFileReference; lastKnownFileType = sourcecode.c.h; path = AppDelegate.h; sourceTree = "<group>"; };
		7483A55E1990A376006AC38C /* AppDelegate.m */ = {isa = PBXFileReference; lastKnownFileType = sourcecode.c.objc; path = AppDelegate.m; sourceTree = "<group>"; };
		7483A5611990A376006AC38C /* Base */ = {isa = PBXFileReference; lastKnownFileType = file.storyboard; name = Base; path = Base.lproj/Main.storyboard; sourceTree = "<group>"; };
		7483A5631990A376006AC38C /* ViewController.h */ = {isa = PBXFileReference; lastKnownFileType = sourcecode.c.h; path = ViewController.h; sourceTree = "<group>"; };
		7483A5641990A376006AC38C /* ViewController.m */ = {isa = PBXFileReference; lastKnownFileType = sourcecode.c.objc; path = ViewController.m; sourceTree = "<group>"; };
		7483A5661990A376006AC38C /* Images.xcassets */ = {isa = PBXFileReference; lastKnownFileType = folder.assetcatalog; path = Images.xcassets; sourceTree = "<group>"; };
		7483A56C1990A376006AC38C /* iOS开发UI篇-九宫格坐标计算Tests.xctest */ = {isa = PBXFileReference; explicitFileType = wrapper.cfbundle; includeInIndex = 0; path = "iOS开发UI篇-九宫格坐标计算Tests.xctest"; sourceTree = BUILT_PRODUCTS_DIR; };
		7483A56D1990A376006AC38C /* XCTest.framework */ = {isa = PBXFileReference; lastKnownFileType = wrapper.framework; name = XCTest.framework; path = Library/Frameworks/XCTest.framework; sourceTree = DEVELOPER_DIR; };
		7483A5751990A376006AC38C /* iOS开发UI篇-九宫格坐标计算Tests-Info.plist */ = {isa = PBXFileReference; lastKnownFileType = text.plist.xml; path = "iOS开发UI篇-九宫格坐标计算Tests-Info.plist"; sourceTree = "<group>"; };
		7483A5771990A376006AC38C /* en */ = {isa = PBXFileReference; lastKnownFileType = text.plist.strings; name = en; path = en.lproj/InfoPlist.strings; sourceTree = "<group>"; };
		7483A5791990A376006AC38C /* iOS__UI_________Tests.m */ = {isa = PBXFileReference; lastKnownFileType = sourcecode.c.objc; path = "iOS__UI_________Tests.m"; sourceTree = "<group>"; };
		7483A5A01990A3EA006AC38C /* app.plist */ = {isa = PBXFileReference; fileEncoding = 4; lastKnownFileType = text.plist.xml; path = app.plist; sourceTree = "<group>"; };
/* End PBXFileReference section */

/* Begin PBXFrameworksBuildPhase section */
		7483A5481990A376006AC38C /* Frameworks */ = {
			isa = PBXFrameworksBuildPhase;
			buildActionMask = 2147483647;
			files = (
				7483A5511990A376006AC38C /* CoreGraphics.framework in Frameworks */,
				7483A5531990A376006AC38C /* UIKit.framework in Frameworks */,
				7483A54F1990A376006AC38C /* Foundation.framework in Frameworks */,
			);
			runOnlyForDeploymentPostprocessing = 0;
		};
		7483A5691990A376006AC38C /* Frameworks */ = {
			isa = PBXFrameworksBuildPhase;
			buildActionMask = 2147483647;
			files = (
				7483A56E1990A376006AC38C /* XCTest.framework in Frameworks */,
				7483A5701990A376006AC38C /* UIKit.framework in Frameworks */,
				7483A56F1990A376006AC38C /* Foundation.framework in Frameworks */,
			);
			runOnlyForDeploymentPostprocessing = 0;
		};
/* End PBXFrameworksBuildPhase section */

/* Begin PBXGroup section */
		7483A5421990A375006AC38C = {
			isa = PBXGroup;
			children = (
				7483A5541990A376006AC38C /* iOS开发UI篇-九宫格坐标计算 */,
				7483A5731990A376006AC38C /* iOS开发UI篇-九宫格坐标计算Tests */,
				7483A54D1990A376006AC38C /* Frameworks */,
				7483A54C1990A376006AC38C /* Products */,
			);
			sourceTree = "<group>";
		};
		7483A54C1990A376006AC38C /* Products */ = {
			isa = PBXGroup;
			children = (
				7483A54B1990A376006AC38C /* iOS开发UI篇-九宫格坐标计算.app */,
				7483A56C1990A376006AC38C /* iOS开发UI篇-九宫格坐标计算Tests.xctest */,
			);
			name = Products;
			sourceTree = "<group>";
		};
		7483A54D1990A376006AC38C /* Frameworks */ = {
			isa = PBXGroup;
			children = (
				7483A54E1990A376006AC38C /* Foundation.framework */,
				7483A5501990A376006AC38C /* CoreGraphics.framework */,
				7483A5521990A376006AC38C /* UIKit.framework */,
				7483A56D1990A376006AC38C /* XCTest.framework */,
			);
			name = Frameworks;
			sourceTree = "<group>";
		};
		7483A5541990A376006AC38C /* iOS开发UI篇-九宫格坐标计算 */ = {
			isa = PBXGroup;
			children = (
				7483A55D1990A376006AC38C /* AppDelegate.h */,
				7483A55E1990A376006AC38C /* AppDelegate.m */,
				7483A5601990A376006AC38C /* Main.storyboard */,
				7483A5631990A376006AC38C /* ViewController.h */,
				7483A5641990A376006AC38C /* ViewController.m */,
				7483A5661990A376006AC38C /* Images.xcassets */,
				7483A5831990A380006AC38C /* Images */,
				7483A5551990A376006AC38C /* Supporting Files */,
			);
			path = "iOS开发UI篇-九宫格坐标计算";
			sourceTree = "<group>";
		};
		7483A5551990A376006AC38C /* Supporting Files */ = {
			isa = PBXGroup;
			children = (
				7483A5561990A376006AC38C /* iOS开发UI篇-九宫格坐标计算-Info.plist */,
				7483A5571990A376006AC38C /* InfoPlist.strings */,
				7483A55A1990A376006AC38C /* main.m */,
				7483A55C1990A376006AC38C /* iOS开发UI篇-九宫格坐标计算-Prefix.pch */,
			);
			name = "Supporting Files";
			sourceTree = "<group>";
		};
		7483A5731990A376006AC38C /* iOS开发UI篇-九宫格坐标计算Tests */ = {
			isa = PBXGroup;
			children = (
				7483A5791990A376006AC38C /* iOS__UI_________Tests.m */,
				7483A5741990A376006AC38C /* Supporting Files */,
			);
			path = "iOS开发UI篇-九宫格坐标计算Tests";
			sourceTree = "<group>";
		};
		7483A5741990A376006AC38C /* Supporting Files */ = {
			isa = PBXGroup;
			children = (
				7483A5751990A376006AC38C /* iOS开发UI篇-九宫格坐标计算Tests-Info.plist */,
				7483A5761990A376006AC38C /* InfoPlist.strings */,
			);
			name = "Supporting Files";
			sourceTree = "<group>";
		};
		7483A5831990A380006AC38C /* Images */ = {
			isa = PBXGroup;
			children = (
				741478051992215A00608648 /* apple.png */,
				741478061992215A00608648 /* buttongreen_highlighted.png */,
				741478071992215A00608648 /* buttongreen.png */,
				741478081992215A00608648 /* calendar.png */,
				741478091992215A00608648 /* cd.png */,
				7414780A1992215A00608648 /* clock.png */,
				7414780B1992215A00608648 /* drink.png */,
				7414780C1992215A00608648 /* dumbbell.png */,
				7414780D1992215A00608648 /* heart.png */,
				7414780E1992215A00608648 /* muscles.png */,
				7414780F1992215A00608648 /* music.png */,
				741478101992215A00608648 /* sun.png */,
				741478111992215A00608648 /* weight.png */,
				741478121992215A00608648 /* word.png */,
				7483A5A01990A3EA006AC38C /* app.plist */,
			);
			name = Images;
			sourceTree = "<group>";
		};
/* End PBXGroup section */

/* Begin PBXNativeTarget section */
		7483A54A1990A376006AC38C /* iOS开发UI篇-九宫格坐标计算 */ = {
			isa = PBXNativeTarget;
			buildConfigurationList = 7483A57D1990A376006AC38C /* Build configuration list for PBXNativeTarget "iOS开发UI篇-九宫格坐标计算" */;
			buildPhases = (
				7483A5471990A376006AC38C /* Sources */,
				7483A5481990A376006AC38C /* Frameworks */,
				7483A5491990A376006AC38C /* Resources */,
			);
			buildRules = (
			);
			dependencies = (
			);
			name = "iOS开发UI篇-九宫格坐标计算";
			productName = "iOS开发UI篇-九宫格坐标计算";
			productReference = 7483A54B1990A376006AC38C /* iOS开发UI篇-九宫格坐标计算.app */;
			productType = "com.apple.product-type.application";
		};
		7483A56B1990A376006AC38C /* iOS开发UI篇-九宫格坐标计算Tests */ = {
			isa = PBXNativeTarget;
			buildConfigurationList = 7483A5801990A376006AC38C /* Build configuration list for PBXNativeTarget "iOS开发UI篇-九宫格坐标计算Tests" */;
			buildPhases = (
				7483A5681990A376006AC38C /* Sources */,
				7483A5691990A376006AC38C /* Frameworks */,
				7483A56A1990A376006AC38C /* Resources */,
			);
			buildRules = (
			);
			dependencies = (
				7483A5721990A376006AC38C /* PBXTargetDependency */,
			);
			name = "iOS开发UI篇-九宫格坐标计算Tests";
			productName = "iOS开发UI篇-九宫格坐标计算Tests";
			productReference = 7483A56C1990A376006AC38C /* iOS开发UI篇-九宫格坐标计算Tests.xctest */;
			productType = "com.apple.product-type.bundle.unit-test";
		};
/* End PBXNativeTarget section */

/* Begin PBXProject section */
		7483A5431990A375006AC38C /* Project object */ = {
			isa = PBXProject;
			attributes = {
				LastUpgradeCheck = 0500;
				ORGANIZATIONNAME = a;
				TargetAttributes = {
					7483A56B1990A376006AC38C = {
						TestTargetID = 7483A54A1990A376006AC38C;
					};
				};
			};
			buildConfigurationList = 7483A5461990A375006AC38C /* Build configuration list for PBXProject "iOS开发UI篇-九宫格坐标计算" */;
			compatibilityVersion = "Xcode 3.2";
			developmentRegion = English;
			hasScannedForEncodings = 0;
			knownRegions = (
				en,
				Base,
			);
			mainGroup = 7483A5421990A375006AC38C;
			productRefGroup = 7483A54C1990A376006AC38C /* Products */;
			projectDirPath = "";
			projectRoot = "";
			targets = (
				7483A54A1990A376006AC38C /* iOS开发UI篇-九宫格坐标计算 */,
				7483A56B1990A376006AC38C /* iOS开发UI篇-九宫格坐标计算Tests */,
			);
		};
/* End PBXProject section */

/* Begin PBXResourcesBuildPhase section */
		7483A5491990A376006AC38C /* Resources */ = {
			isa = PBXResourcesBuildPhase;
			buildActionMask = 2147483647;
			files = (
				7414781E1992215A00608648 /* sun.png in Resources */,
				741478171992215A00608648 /* cd.png in Resources */,
				7414781F1992215A00608648 /* weight.png in Resources */,
				7483A5A11990A3EA006AC38C /* app.plist in Resources */,
				741478161992215A00608648 /* calendar.png in Resources */,
				7483A5671990A376006AC38C /* Images.xcassets in Resources */,
				7483A5591990A376006AC38C /* InfoPlist.strings in Resources */,
				7414781D1992215A00608648 /* music.png in Resources */,
				741478141992215A00608648 /* buttongreen_highlighted.png in Resources */,
				7414781A1992215A00608648 /* dumbbell.png in Resources */,
				7414781B1992215A00608648 /* heart.png in Resources */,
				741478201992215A00608648 /* word.png in Resources */,
				741478181992215A00608648 /* clock.png in Resources */,
				7483A5621990A376006AC38C /* Main.storyboard in Resources */,
				7414781C1992215A00608648 /* muscles.png in Resources */,
				741478131992215A00608648 /* apple.png in Resources */,
				741478191992215A00608648 /* drink.png in Resources */,
				741478151992215A00608648 /* buttongreen.png in Resources */,
			);
			runOnlyForDeploymentPostprocessing = 0;
		};
		7483A56A1990A376006AC38C /* Resources */ = {
			isa = PBXResourcesBuildPhase;
			buildActionMask = 2147483647;
			files = (
				7483A5781990A376006AC38C /* InfoPlist.strings in Resources */,
			);
			runOnlyForDeploymentPostprocessing = 0;
		};
/* End PBXResourcesBuildPhase section */

/* Begin PBXSourcesBuildPhase section */
		7483A5471990A376006AC38C /* Sources */ = {
			isa = PBXSourcesBuildPhase;
			buildActionMask = 2147483647;
			files = (
				7483A5651990A376006AC38C /* ViewController.m in Sources */,
				7483A55F1990A376006AC38C /* AppDelegate.m in Sources */,
				7483A55B1990A376006AC38C /* main.m in Sources */,
			);
			runOnlyForDeploymentPostprocessing = 0;
		};
		7483A5681990A376006AC38C /* Sources */ = {
			isa = PBXSourcesBuildPhase;
			buildActionMask = 2147483647;
			files = (
				7483A57A1990A376006AC38C /* iOS__UI_________Tests.m in Sources */,
			);
			runOnlyForDeploymentPostprocessing = 0;
		};
/* End PBXSourcesBuildPhase section */

/* Begin PBXTargetDependency section */
		7483A5721990A376006AC38C /* PBXTargetDependency */ = {
			isa = PBXTargetDependency;
			target = 7483A54A1990A376006AC38C /* iOS开发UI篇-九宫格坐标计算 */;
			targetProxy = 7483A5711990A376006AC38C /* PBXContainerItemProxy */;
		};
/* End PBXTargetDependency section */

/* Begin PBXVariantGroup section */
		7483A5571990A376006AC38C /* InfoPlist.strings */ = {
			isa = PBXVariantGroup;
			children = (
				7483A5581990A376006AC38C /* en */,
			);
			name = InfoPlist.strings;
			sourceTree = "<group>";
		};
		7483A5601990A376006AC38C /* Main.storyboard */ = {
			isa = PBXVariantGroup;
			children = (
				7483A5611990A376006AC38C /* Base */,
			);
			name = Main.storyboard;
			sourceTree = "<group>";
		};
		7483A5761990A376006AC38C /* InfoPlist.strings */ = {
			isa = PBXVariantGroup;
			children = (
				7483A5771990A376006AC38C /* en */,
			);
			name = InfoPlist.strings;
			sourceTree = "<group>";
		};
/* End PBXVariantGroup section */

/* Begin XCBuildConfiguration section */
		7483A57B1990A376006AC38C /* Debug */ = {
			isa = XCBuildConfiguration;
			buildSettings = {
				ALWAYS_SEARCH_USER_PATHS = NO;
				ARCHS = "$(ARCHS_STANDARD_INCLUDING_64_BIT)";
				CLANG_CXX_LANGUAGE_STANDARD = "gnu++0x";
				CLANG_CXX_LIBRARY = "libc++";
				CLANG_ENABLE_MODULES = YES;
				CLANG_ENABLE_OBJC_ARC = YES;
				CLANG_WARN_BOOL_CONVERSION = YES;
				CLANG_WARN_CONSTANT_CONVERSION = YES;
				CLANG_WARN_DIRECT_OBJC_ISA_USAGE = YES_ERROR;
				CLANG_WARN_EMPTY_BODY = YES;
				CLANG_WARN_ENUM_CONVERSION = YES;
				CLANG_WARN_INT_CONVERSION = YES;
				CLANG_WARN_OBJC_ROOT_CLASS = YES_ERROR;
				CLANG_WARN__DUPLICATE_METHOD_MATCH = YES;
				"CODE_SIGN_IDENTITY[sdk=iphoneos*]" = "iPhone Developer";
				COPY_PHASE_STRIP = NO;
				GCC_C_LANGUAGE_STANDARD = gnu99;
				GCC_DYNAMIC_NO_PIC = NO;
				GCC_OPTIMIZATION_LEVEL = 0;
				GCC_PREPROCESSOR_DEFINITIONS = (
					"DEBUG=1",
					"$(inherited)",
				);
				GCC_SYMBOLS_PRIVATE_EXTERN = NO;
				GCC_WARN_64_TO_32_BIT_CONVERSION = YES;
				GCC_WARN_ABOUT_RETURN_TYPE = YES_ERROR;
				GCC_WARN_UNDECLARED_SELECTOR = YES;
				GCC_WARN_UNINITIALIZED_AUTOS = YES;
				GCC_WARN_UNUSED_FUNCTION = YES;
				GCC_WARN_UNUSED_VARIABLE = YES;
				IPHONEOS_DEPLOYMENT_TARGET = 7.0;
				ONLY_ACTIVE_ARCH = YES;
				SDKROOT = iphoneos;
			};
			name = Debug;
		};
		7483A57C1990A376006AC38C /* Release */ = {
			isa = XCBuildConfiguration;
			buildSettings = {
				ALWAYS_SEARCH_USER_PATHS = NO;
				ARCHS = "$(ARCHS_STANDARD_INCLUDING_64_BIT)";
				CLANG_CXX_LANGUAGE_STANDARD = "gnu++0x";
				CLANG_CXX_LIBRARY = "libc++";
				CLANG_ENABLE_MODULES = YES;
				CLANG_ENABLE_OBJC_ARC = YES;
				CLANG_WARN_BOOL_CONVERSION = YES;
				CLANG_WARN_CONSTANT_CONVERSION = YES;
				CLANG_WARN_DIRECT_OBJC_ISA_USAGE = YES_ERROR;
				CLANG_WARN_EMPTY_BODY = YES;
				CLANG_WARN_ENUM_CONVERSION = YES;
				CLANG_WARN_INT_CONVERSION = YES;
				CLANG_WARN_OBJC_ROOT_CLASS = YES_ERROR;
				CLANG_WARN__DUPLICATE_METHOD_MATCH = YES;
				"CODE_SIGN_IDENTITY[sdk=iphoneos*]" = "iPhone Developer";
				COPY_PHASE_STRIP = YES;
				ENABLE_NS_ASSERTIONS = NO;
				GCC_C_LANGUAGE_STANDARD = gnu99;
				GCC_WARN_64_TO_32_BIT_CONVERSION = YES;
				GCC_WARN_ABOUT_RETURN_TYPE = YES_ERROR;
				GCC_WARN_UNDECLARED_SELECTOR = YES;
				GCC_WARN_UNINITIALIZED_AUTOS = YES;
				GCC_WARN_UNUSED_FUNCTION = YES;
				GCC_WARN_UNUSED_VARIABLE = YES;
				IPHONEOS_DEPLOYMENT_TARGET = 7.0;
				SDKROOT = iphoneos;
				VALIDATE_PRODUCT = YES;
			};
			name = Release;
		};
		7483A57E1990A376006AC38C /* Debug */ = {
			isa = XCBuildConfiguration;
			buildSettings = {
				ASSETCATALOG_COMPILER_APPICON_NAME = AppIcon;
				ASSETCATALOG_COMPILER_LAUNCHIMAGE_NAME = LaunchImage;
				GCC_PRECOMPILE_PREFIX_HEADER = YES;
				GCC_PREFIX_HEADER = "iOS开发UI篇-九宫格坐标计算/iOS开发UI篇-九宫格坐标计算-Prefix.pch";
				INFOPLIST_FILE = "iOS开发UI篇-九宫格坐标计算/iOS开发UI篇-九宫格坐标计算-Info.plist";
				PRODUCT_NAME = "$(TARGET_NAME)";
				WRAPPER_EXTENSION = app;
			};
			name = Debug;
		};
		7483A57F1990A376006AC38C /* Release */ = {
			isa = XCBuildConfiguration;
			buildSettings = {
				ASSETCATALOG_COMPILER_APPICON_NAME = AppIcon;
				ASSETCATALOG_COMPILER_LAUNCHIMAGE_NAME = LaunchImage;
				GCC_PRECOMPILE_PREFIX_HEADER = YES;
				GCC_PREFIX_HEADER = "iOS开发UI篇-九宫格坐标计算/iOS开发UI篇-九宫格坐标计算-Prefix.pch";
				INFOPLIST_FILE = "iOS开发UI篇-九宫格坐标计算/iOS开发UI篇-九宫格坐标计算-Info.plist";
				PRODUCT_NAME = "$(TARGET_NAME)";
				WRAPPER_EXTENSION = app;
			};
			name = Release;
		};
		7483A5811990A376006AC38C /* Debug */ = {
			isa = XCBuildConfiguration;
			buildSettings = {
				ARCHS = "$(ARCHS_STANDARD_INCLUDING_64_BIT)";
				BUNDLE_LOADER = "$(BUILT_PRODUCTS_DIR)/iOS开发UI篇-九宫格坐标计算.app/iOS开发UI篇-九宫格坐标计算";
				FRAMEWORK_SEARCH_PATHS = (
					"$(SDKROOT)/Developer/Library/Frameworks",
					"$(inherited)",
					"$(DEVELOPER_FRAMEWORKS_DIR)",
				);
				GCC_PRECOMPILE_PREFIX_HEADER = YES;
				GCC_PREFIX_HEADER = "iOS开发UI篇-九宫格坐标计算/iOS开发UI篇-九宫格坐标计算-Prefix.pch";
				GCC_PREPROCESSOR_DEFINITIONS = (
					"DEBUG=1",
					"$(inherited)",
				);
				INFOPLIST_FILE = "iOS开发UI篇-九宫格坐标计算Tests/iOS开发UI篇-九宫格坐标计算Tests-Info.plist";
				PRODUCT_NAME = "$(TARGET_NAME)";
				TEST_HOST = "$(BUNDLE_LOADER)";
				WRAPPER_EXTENSION = xctest;
			};
			name = Debug;
		};
		7483A5821990A376006AC38C /* Release */ = {
			isa = XCBuildConfiguration;
			buildSettings = {
				ARCHS = "$(ARCHS_STANDARD_INCLUDING_64_BIT)";
				BUNDLE_LOADER = "$(BUILT_PRODUCTS_DIR)/iOS开发UI篇-九宫格坐标计算.app/iOS开发UI篇-九宫格坐标计算";
				FRAMEWORK_SEARCH_PATHS = (
					"$(SDKROOT)/Developer/Library/Frameworks",
					"$(inherited)",
					"$(DEVELOPER_FRAMEWORKS_DIR)",
				);
				GCC_PRECOMPILE_PREFIX_HEADER = YES;
				GCC_PREFIX_HEADER = "iOS开发UI篇-九宫格坐标计算/iOS开发UI篇-九宫格坐标计算-Prefix.pch";
				INFOPLIST_FILE = "iOS开发UI篇-九宫格坐标计算Tests/iOS开发UI篇-九宫格坐标计算Tests-Info.plist";
				PRODUCT_NAME = "$(TARGET_NAME)";
				TEST_HOST = "$(BUNDLE_LOADER)";
				WRAPPER_EXTENSION = xctest;
			};
			name = Release;
		};
/* End XCBuildConfiguration section */

/* Begin XCConfigurationList section */
		7483A5461990A375006AC38C /* Build configuration list for PBXProject "iOS开发UI篇-九宫格坐标计算" */ = {
			isa = XCConfigurationList;
			buildConfigurations = (
				7483A57B1990A376006AC38C /* Debug */,
				7483A57C1990A376006AC38C /* Release */,
			);
			defaultConfigurationIsVisible = 0;
			defaultConfigurationName = Release;
		};
		7483A57D1990A376006AC38C /* Build configuration list for PBXNativeTarget "iOS开发UI篇-九宫格坐标计算" */ = {
			isa = XCConfigurationList;
			buildConfigurations = (
				7483A57E1990A376006AC38C /* Debug */,
				7483A57F1990A376006AC38C /* Release */,
			);
			defaultConfigurationIsVisible = 0;
			defaultConfigurationName = Release;
		};
		7483A5801990A376006AC38C /* Build configuration list for PBXNativeTarget "iOS开发UI篇-九宫格坐标计算Tests" */ = {
			isa = XCConfigurationList;
			buildConfigurations = (
				7483A5811990A376006AC38C /* Debug */,
				7483A5821990A376006AC38C /* Release */,
			);
			defaultConfigurationIsVisible = 0;
			defaultConfigurationName = Release;
		};
/* End XCConfigurationList section */
	};
	rootObject = 7483A5431990A375006AC38C /* Project object */;
}
