// !$*UTF8*$!
{
	archiveVersion = 1;
	classes = {
	};
	objectVersion = 46;
	objects = {

/* Begin PBXBuildFile section */
		7483A70219911E1D006AC38C /* Foundation.framework in Frameworks */ = {isa = PBXBuildFile; fileRef = 7483A70119911E1D006AC38C /* Foundation.framework */; };
		7483A70419911E1D006AC38C /* CoreGraphics.framework in Frameworks */ = {isa = PBXBuildFile; fileRef = 7483A70319911E1D006AC38C /* CoreGraphics.framework */; };
		7483A70619911E1D006AC38C /* UIKit.framework in Frameworks */ = {isa = PBXBuildFile; fileRef = 7483A70519911E1D006AC38C /* UIKit.framework */; };
		7483A70C19911E1D006AC38C /* InfoPlist.strings in Resources */ = {isa = PBXBuildFile; fileRef = 7483A70A19911E1D006AC38C /* InfoPlist.strings */; };
		7483A70E19911E1D006AC38C /* main.m in Sources */ = {isa = PBXBuildFile; fileRef = 7483A70D19911E1D006AC38C /* main.m */; };
		7483A71219911E1D006AC38C /* AppDelegate.m in Sources */ = {isa = PBXBuildFile; fileRef = 7483A71119911E1D006AC38C /* AppDelegate.m */; };
		7483A71519911E1D006AC38C /* Main.storyboard in Resources */ = {isa = PBXBuildFile; fileRef = 7483A71319911E1D006AC38C /* Main.storyboard */; };
		7483A71819911E1D006AC38C /* ViewController.m in Sources */ = {isa = PBXBuildFile; fileRef = 7483A71719911E1D006AC38C /* ViewController.m */; };
		7483A71A19911E1D006AC38C /* Images.xcassets in Resources */ = {isa = PBXBuildFile; fileRef = 7483A71919911E1D006AC38C /* Images.xcassets */; };
		7483A72119911E1E006AC38C /* XCTest.framework in Frameworks */ = {isa = PBXBuildFile; fileRef = 7483A72019911E1E006AC38C /* XCTest.framework */; };
		7483A72219911E1E006AC38C /* Foundation.framework in Frameworks */ = {isa = PBXBuildFile; fileRef = 7483A70119911E1D006AC38C /* Foundation.framework */; };
		7483A72319911E1E006AC38C /* UIKit.framework in Frameworks */ = {isa = PBXBuildFile; fileRef = 7483A70519911E1D006AC38C /* UIKit.framework */; };
		7483A72B19911E1E006AC38C /* InfoPlist.strings in Resources */ = {isa = PBXBuildFile; fileRef = 7483A72919911E1E006AC38C /* InfoPlist.strings */; };
		7483A72D19911E1E006AC38C /* iOS__UI___UIImageView_______Tag_____Tests.m in Sources */ = {isa = PBXBuildFile; fileRef = 7483A72C19911E1E006AC38C /* iOS__UI___UIImageView_______Tag_____Tests.m */; };
/* End PBXBuildFile section */

/* Begin PBXContainerItemProxy section */
		7483A72419911E1E006AC38C /* PBXContainerItemProxy */ = {
			isa = PBXContainerItemProxy;
			containerPortal = 7483A6F619911E1D006AC38C /* Project object */;
			proxyType = 1;
			remoteGlobalIDString = 7483A6FD19911E1D006AC38C;
			remoteInfo = "iOS开发UI篇-在UIImageView中添加按钮以及Tag的参数说明";
		};
/* End PBXContainerItemProxy section */

/* Begin PBXFileReference section */
		7483A6FE19911E1D006AC38C /* iOS开发UI篇-在UIImageView中添加按钮以及Tag的参数说明.app */ = {isa = PBXFileReference; explicitFileType = wrapper.application; includeInIndex = 0; path = "iOS开发UI篇-在UIImageView中添加按钮以及Tag的参数说明.app"; sourceTree = BUILT_PRODUCTS_DIR; };
		7483A70119911E1D006AC38C /* Foundation.framework */ = {isa = PBXFileReference; lastKnownFileType = wrapper.framework; name = Foundation.framework; path = System/Library/Frameworks/Foundation.framework; sourceTree = SDKROOT; };
		7483A70319911E1D006AC38C /* CoreGraphics.framework */ = {isa = PBXFileReference; lastKnownFileType = wrapper.framework; name = CoreGraphics.framework; path = System/Library/Frameworks/CoreGraphics.framework; sourceTree = SDKROOT; };
		7483A70519911E1D006AC38C /* UIKit.framework */ = {isa = PBXFileReference; lastKnownFileType = wrapper.framework; name = UIKit.framework; path = System/Library/Frameworks/UIKit.framework; sourceTree = SDKROOT; };
		7483A70919911E1D006AC38C /* iOS开发UI篇-在UIImageView中添加按钮以及Tag的参数说明-Info.plist */ = {isa = PBXFileReference; lastKnownFileType = text.plist.xml; path = "iOS开发UI篇-在UIImageView中添加按钮以及Tag的参数说明-Info.plist"; sourceTree = "<group>"; };
		7483A70B19911E1D006AC38C /* en */ = {isa = PBXFileReference; lastKnownFileType = text.plist.strings; name = en; path = en.lproj/InfoPlist.strings; sourceTree = "<group>"; };
		7483A70D19911E1D006AC38C /* main.m */ = {isa = PBXFileReference; lastKnownFileType = sourcecode.c.objc; path = main.m; sourceTree = "<group>"; };
		7483A70F19911E1D006AC38C /* iOS开发UI篇-在UIImageView中添加按钮以及Tag的参数说明-Prefix.pch */ = {isa = PBXFileReference; lastKnownFileType = sourcecode.c.h; path = "iOS开发UI篇-在UIImageView中添加按钮以及Tag的参数说明-Prefix.pch"; sourceTree = "<group>"; };
		7483A71019911E1D006AC38C /* AppDelegate.h */ = {isa = PBXFileReference; lastKnownFileType = sourcecode.c.h; path = AppDelegate.h; sourceTree = "<group>"; };
		7483A71119911E1D006AC38C /* AppDelegate.m */ = {isa = PBXFileReference; lastKnownFileType = sourcecode.c.objc; path = AppDelegate.m; sourceTree = "<group>"; };
		7483A71419911E1D006AC38C /* Base */ = {isa = PBXFileReference; lastKnownFileType = file.storyboard; name = Base; path = Base.lproj/Main.storyboard; sourceTree = "<group>"; };
		7483A71619911E1D006AC38C /* ViewController.h */ = {isa = PBXFileReference; lastKnownFileType = sourcecode.c.h; path = ViewController.h; sourceTree = "<group>"; };
		7483A71719911E1D006AC38C /* ViewController.m */ = {isa = PBXFileReference; lastKnownFileType = sourcecode.c.objc; path = ViewController.m; sourceTree = "<group>"; };
		7483A71919911E1D006AC38C /* Images.xcassets */ = {isa = PBXFileReference; lastKnownFileType = folder.assetcatalog; path = Images.xcassets; sourceTree = "<group>"; };
		7483A71F19911E1E006AC38C /* iOS开发UI篇-在UIImageView中添加按钮以及Tag的参数说明Tests.xctest */ = {isa = PBXFileReference; explicitFileType = wrapper.cfbundle; includeInIndex = 0; path = "iOS开发UI篇-在UIImageView中添加按钮以及Tag的参数说明Tests.xctest"; sourceTree = BUILT_PRODUCTS_DIR; };
		7483A72019911E1E006AC38C /* XCTest.framework */ = {isa = PBXFileReference; lastKnownFileType = wrapper.framework; name = XCTest.framework; path = Library/Frameworks/XCTest.framework; sourceTree = DEVELOPER_DIR; };
		7483A72819911E1E006AC38C /* iOS开发UI篇-在UIImageView中添加按钮以及Tag的参数说明Tests-Info.plist */ = {isa = PBXFileReference; lastKnownFileType = text.plist.xml; path = "iOS开发UI篇-在UIImageView中添加按钮以及Tag的参数说明Tests-Info.plist"; sourceTree = "<group>"; };
		7483A72A19911E1E006AC38C /* en */ = {isa = PBXFileReference; lastKnownFileType = text.plist.strings; name = en; path = en.lproj/InfoPlist.strings; sourceTree = "<group>"; };
		7483A72C19911E1E006AC38C /* iOS__UI___UIImageView_______Tag_____Tests.m */ = {isa = PBXFileReference; lastKnownFileType = sourcecode.c.objc; path = "iOS__UI___UIImageView_______Tag_____Tests.m"; sourceTree = "<group>"; };
/* End PBXFileReference section */

/* Begin PBXFrameworksBuildPhase section */
		7483A6FB19911E1D006AC38C /* Frameworks */ = {
			isa = PBXFrameworksBuildPhase;
			buildActionMask = 2147483647;
			files = (
				7483A70419911E1D006AC38C /* CoreGraphics.framework in Frameworks */,
				7483A70619911E1D006AC38C /* UIKit.framework in Frameworks */,
				7483A70219911E1D006AC38C /* Foundation.framework in Frameworks */,
			);
			runOnlyForDeploymentPostprocessing = 0;
		};
		7483A71C19911E1E006AC38C /* Frameworks */ = {
			isa = PBXFrameworksBuildPhase;
			buildActionMask = 2147483647;
			files = (
				7483A72119911E1E006AC38C /* XCTest.framework in Frameworks */,
				7483A72319911E1E006AC38C /* UIKit.framework in Frameworks */,
				7483A72219911E1E006AC38C /* Foundation.framework in Frameworks */,
			);
			runOnlyForDeploymentPostprocessing = 0;
		};
/* End PBXFrameworksBuildPhase section */

/* Begin PBXGroup section */
		7483A6F519911E1D006AC38C = {
			isa = PBXGroup;
			children = (
				7483A70719911E1D006AC38C /* iOS开发UI篇-在UIImageView中添加按钮以及Tag的参数说明 */,
				7483A72619911E1E006AC38C /* iOS开发UI篇-在UIImageView中添加按钮以及Tag的参数说明Tests */,
				7483A70019911E1D006AC38C /* Frameworks */,
				7483A6FF19911E1D006AC38C /* Products */,
			);
			sourceTree = "<group>";
		};
		7483A6FF19911E1D006AC38C /* Products */ = {
			isa = PBXGroup;
			children = (
				7483A6FE19911E1D006AC38C /* iOS开发UI篇-在UIImageView中添加按钮以及Tag的参数说明.app */,
				7483A71F19911E1E006AC38C /* iOS开发UI篇-在UIImageView中添加按钮以及Tag的参数说明Tests.xctest */,
			);
			name = Products;
			sourceTree = "<group>";
		};
		7483A70019911E1D006AC38C /* Frameworks */ = {
			isa = PBXGroup;
			children = (
				7483A70119911E1D006AC38C /* Foundation.framework */,
				7483A70319911E1D006AC38C /* CoreGraphics.framework */,
				7483A70519911E1D006AC38C /* UIKit.framework */,
				7483A72019911E1E006AC38C /* XCTest.framework */,
			);
			name = Frameworks;
			sourceTree = "<group>";
		};
		7483A70719911E1D006AC38C /* iOS开发UI篇-在UIImageView中添加按钮以及Tag的参数说明 */ = {
			isa = PBXGroup;
			children = (
				7483A71019911E1D006AC38C /* AppDelegate.h */,
				7483A71119911E1D006AC38C /* AppDelegate.m */,
				7483A71319911E1D006AC38C /* Main.storyboard */,
				7483A71619911E1D006AC38C /* ViewController.h */,
				7483A71719911E1D006AC38C /* ViewController.m */,
				7483A71919911E1D006AC38C /* Images.xcassets */,
				7483A70819911E1D006AC38C /* Supporting Files */,
			);
			path = "iOS开发UI篇-在UIImageView中添加按钮以及Tag的参数说明";
			sourceTree = "<group>";
		};
		7483A70819911E1D006AC38C /* Supporting Files */ = {
			isa = PBXGroup;
			children = (
				7483A70919911E1D006AC38C /* iOS开发UI篇-在UIImageView中添加按钮以及Tag的参数说明-Info.plist */,
				7483A70A19911E1D006AC38C /* InfoPlist.strings */,
				7483A70D19911E1D006AC38C /* main.m */,
				7483A70F19911E1D006AC38C /* iOS开发UI篇-在UIImageView中添加按钮以及Tag的参数说明-Prefix.pch */,
			);
			name = "Supporting Files";
			sourceTree = "<group>";
		};
		7483A72619911E1E006AC38C /* iOS开发UI篇-在UIImageView中添加按钮以及Tag的参数说明Tests */ = {
			isa = PBXGroup;
			children = (
				7483A72C19911E1E006AC38C /* iOS__UI___UIImageView_______Tag_____Tests.m */,
				7483A72719911E1E006AC38C /* Supporting Files */,
			);
			path = "iOS开发UI篇-在UIImageView中添加按钮以及Tag的参数说明Tests";
			sourceTree = "<group>";
		};
		7483A72719911E1E006AC38C /* Supporting Files */ = {
			isa = PBXGroup;
			children = (
				7483A72819911E1E006AC38C /* iOS开发UI篇-在UIImageView中添加按钮以及Tag的参数说明Tests-Info.plist */,
				7483A72919911E1E006AC38C /* InfoPlist.strings */,
			);
			name = "Supporting Files";
			sourceTree = "<group>";
		};
/* End PBXGroup section */

/* Begin PBXNativeTarget section */
		7483A6FD19911E1D006AC38C /* iOS开发UI篇-在UIImageView中添加按钮以及Tag的参数说明 */ = {
			isa = PBXNativeTarget;
			buildConfigurationList = 7483A73019911E1E006AC38C /* Build configuration list for PBXNativeTarget "iOS开发UI篇-在UIImageView中添加按钮以及Tag的参数说明" */;
			buildPhases = (
				7483A6FA19911E1D006AC38C /* Sources */,
				7483A6FB19911E1D006AC38C /* Frameworks */,
				7483A6FC19911E1D006AC38C /* Resources */,
			);
			buildRules = (
			);
			dependencies = (
			);
			name = "iOS开发UI篇-在UIImageView中添加按钮以及Tag的参数说明";
			productName = "iOS开发UI篇-在UIImageView中添加按钮以及Tag的参数说明";
			productReference = 7483A6FE19911E1D006AC38C /* iOS开发UI篇-在UIImageView中添加按钮以及Tag的参数说明.app */;
			productType = "com.apple.product-type.application";
		};
		7483A71E19911E1E006AC38C /* iOS开发UI篇-在UIImageView中添加按钮以及Tag的参数说明Tests */ = {
			isa = PBXNativeTarget;
			buildConfigurationList = 7483A73319911E1E006AC38C /* Build configuration list for PBXNativeTarget "iOS开发UI篇-在UIImageView中添加按钮以及Tag的参数说明Tests" */;
			buildPhases = (
				7483A71B19911E1E006AC38C /* Sources */,
				7483A71C19911E1E006AC38C /* Frameworks */,
				7483A71D19911E1E006AC38C /* Resources */,
			);
			buildRules = (
			);
			dependencies = (
				7483A72519911E1E006AC38C /* PBXTargetDependency */,
			);
			name = "iOS开发UI篇-在UIImageView中添加按钮以及Tag的参数说明Tests";
			productName = "iOS开发UI篇-在UIImageView中添加按钮以及Tag的参数说明Tests";
			productReference = 7483A71F19911E1E006AC38C /* iOS开发UI篇-在UIImageView中添加按钮以及Tag的参数说明Tests.xctest */;
			productType = "com.apple.product-type.bundle.unit-test";
		};
/* End PBXNativeTarget section */

/* Begin PBXProject section */
		7483A6F619911E1D006AC38C /* Project object */ = {
			isa = PBXProject;
			attributes = {
				LastUpgradeCheck = 0500;
				ORGANIZATIONNAME = a;
				TargetAttributes = {
					7483A71E19911E1E006AC38C = {
						TestTargetID = 7483A6FD19911E1D006AC38C;
					};
				};
			};
			buildConfigurationList = 7483A6F919911E1D006AC38C /* Build configuration list for PBXProject "iOS开发UI篇-在UIImageView中添加按钮以及Tag的参数说明" */;
			compatibilityVersion = "Xcode 3.2";
			developmentRegion = English;
			hasScannedForEncodings = 0;
			knownRegions = (
				en,
				Base,
			);
			mainGroup = 7483A6F519911E1D006AC38C;
			productRefGroup = 7483A6FF19911E1D006AC38C /* Products */;
			projectDirPath = "";
			projectRoot = "";
			targets = (
				7483A6FD19911E1D006AC38C /* iOS开发UI篇-在UIImageView中添加按钮以及Tag的参数说明 */,
				7483A71E19911E1E006AC38C /* iOS开发UI篇-在UIImageView中添加按钮以及Tag的参数说明Tests */,
			);
		};
/* End PBXProject section */

/* Begin PBXResourcesBuildPhase section */
		7483A6FC19911E1D006AC38C /* Resources */ = {
			isa = PBXResourcesBuildPhase;
			buildActionMask = 2147483647;
			files = (
				7483A71A19911E1D006AC38C /* Images.xcassets in Resources */,
				7483A70C19911E1D006AC38C /* InfoPlist.strings in Resources */,
				7483A71519911E1D006AC38C /* Main.storyboard in Resources */,
			);
			runOnlyForDeploymentPostprocessing = 0;
		};
		7483A71D19911E1E006AC38C /* Resources */ = {
			isa = PBXResourcesBuildPhase;
			buildActionMask = 2147483647;
			files = (
				7483A72B19911E1E006AC38C /* InfoPlist.strings in Resources */,
			);
			runOnlyForDeploymentPostprocessing = 0;
		};
/* End PBXResourcesBuildPhase section */

/* Begin PBXSourcesBuildPhase section */
		7483A6FA19911E1D006AC38C /* Sources */ = {
			isa = PBXSourcesBuildPhase;
			buildActionMask = 2147483647;
			files = (
				7483A71819911E1D006AC38C /* ViewController.m in Sources */,
				7483A71219911E1D006AC38C /* AppDelegate.m in Sources */,
				7483A70E19911E1D006AC38C /* main.m in Sources */,
			);
			runOnlyForDeploymentPostprocessing = 0;
		};
		7483A71B19911E1E006AC38C /* Sources */ = {
			isa = PBXSourcesBuildPhase;
			buildActionMask = 2147483647;
			files = (
				7483A72D19911E1E006AC38C /* iOS__UI___UIImageView_______Tag_____Tests.m in Sources */,
			);
			runOnlyForDeploymentPostprocessing = 0;
		};
/* End PBXSourcesBuildPhase section */

/* Begin PBXTargetDependency section */
		7483A72519911E1E006AC38C /* PBXTargetDependency */ = {
			isa = PBXTargetDependency;
			target = 7483A6FD19911E1D006AC38C /* iOS开发UI篇-在UIImageView中添加按钮以及Tag的参数说明 */;
			targetProxy = 7483A72419911E1E006AC38C /* PBXContainerItemProxy */;
		};
/* End PBXTargetDependency section */

/* Begin PBXVariantGroup section */
		7483A70A19911E1D006AC38C /* InfoPlist.strings */ = {
			isa = PBXVariantGroup;
			children = (
				7483A70B19911E1D006AC38C /* en */,
			);
			name = InfoPlist.strings;
			sourceTree = "<group>";
		};
		7483A71319911E1D006AC38C /* Main.storyboard */ = {
			isa = PBXVariantGroup;
			children = (
				7483A71419911E1D006AC38C /* Base */,
			);
			name = Main.storyboard;
			sourceTree = "<group>";
		};
		7483A72919911E1E006AC38C /* InfoPlist.strings */ = {
			isa = PBXVariantGroup;
			children = (
				7483A72A19911E1E006AC38C /* en */,
			);
			name = InfoPlist.strings;
			sourceTree = "<group>";
		};
/* End PBXVariantGroup section */

/* Begin XCBuildConfiguration section */
		7483A72E19911E1E006AC38C /* Debug */ = {
			isa = XCBuildConfiguration;
			buildSettings = {
				ALWAYS_SEARCH_USER_PATHS = NO;
				ARCHS = "$(ARCHS_STANDARD_INCLUDING_64_BIT)";
				CLANG_CXX_LANGUAGE_STANDARD = "gnu++0x";
				CLANG_CXX_LIBRARY = "libc++";
				CLANG_ENABLE_MODULES = YES;
				CLANG_ENABLE_OBJC_ARC = YES;
				CLANG_WARN_BOOL_CONVERSION = YES;
				CLANG_WARN_CONSTANT_CONVERSION = YES;
				CLANG_WARN_DIRECT_OBJC_ISA_USAGE = YES_ERROR;
				CLANG_WARN_EMPTY_BODY = YES;
				CLANG_WARN_ENUM_CONVERSION = YES;
				CLANG_WARN_INT_CONVERSION = YES;
				CLANG_WARN_OBJC_ROOT_CLASS = YES_ERROR;
				CLANG_WARN__DUPLICATE_METHOD_MATCH = YES;
				"CODE_SIGN_IDENTITY[sdk=iphoneos*]" = "iPhone Developer";
				COPY_PHASE_STRIP = NO;
				GCC_C_LANGUAGE_STANDARD = gnu99;
				GCC_DYNAMIC_NO_PIC = NO;
				GCC_OPTIMIZATION_LEVEL = 0;
				GCC_PREPROCESSOR_DEFINITIONS = (
					"DEBUG=1",
					"$(inherited)",
				);
				GCC_SYMBOLS_PRIVATE_EXTERN = NO;
				GCC_WARN_64_TO_32_BIT_CONVERSION = YES;
				GCC_WARN_ABOUT_RETURN_TYPE = YES_ERROR;
				GCC_WARN_UNDECLARED_SELECTOR = YES;
				GCC_WARN_UNINITIALIZED_AUTOS = YES;
				GCC_WARN_UNUSED_FUNCTION = YES;
				GCC_WARN_UNUSED_VARIABLE = YES;
				IPHONEOS_DEPLOYMENT_TARGET = 7.0;
				ONLY_ACTIVE_ARCH = YES;
				SDKROOT = iphoneos;
			};
			name = Debug;
		};
		7483A72F19911E1E006AC38C /* Release */ = {
			isa = XCBuildConfiguration;
			buildSettings = {
				ALWAYS_SEARCH_USER_PATHS = NO;
				ARCHS = "$(ARCHS_STANDARD_INCLUDING_64_BIT)";
				CLANG_CXX_LANGUAGE_STANDARD = "gnu++0x";
				CLANG_CXX_LIBRARY = "libc++";
				CLANG_ENABLE_MODULES = YES;
				CLANG_ENABLE_OBJC_ARC = YES;
				CLANG_WARN_BOOL_CONVERSION = YES;
				CLANG_WARN_CONSTANT_CONVERSION = YES;
				CLANG_WARN_DIRECT_OBJC_ISA_USAGE = YES_ERROR;
				CLANG_WARN_EMPTY_BODY = YES;
				CLANG_WARN_ENUM_CONVERSION = YES;
				CLANG_WARN_INT_CONVERSION = YES;
				CLANG_WARN_OBJC_ROOT_CLASS = YES_ERROR;
				CLANG_WARN__DUPLICATE_METHOD_MATCH = YES;
				"CODE_SIGN_IDENTITY[sdk=iphoneos*]" = "iPhone Developer";
				COPY_PHASE_STRIP = YES;
				ENABLE_NS_ASSERTIONS = NO;
				GCC_C_LANGUAGE_STANDARD = gnu99;
				GCC_WARN_64_TO_32_BIT_CONVERSION = YES;
				GCC_WARN_ABOUT_RETURN_TYPE = YES_ERROR;
				GCC_WARN_UNDECLARED_SELECTOR = YES;
				GCC_WARN_UNINITIALIZED_AUTOS = YES;
				GCC_WARN_UNUSED_FUNCTION = YES;
				GCC_WARN_UNUSED_VARIABLE = YES;
				IPHONEOS_DEPLOYMENT_TARGET = 7.0;
				SDKROOT = iphoneos;
				VALIDATE_PRODUCT = YES;
			};
			name = Release;
		};
		7483A73119911E1E006AC38C /* Debug */ = {
			isa = XCBuildConfiguration;
			buildSettings = {
				ASSETCATALOG_COMPILER_APPICON_NAME = AppIcon;
				ASSETCATALOG_COMPILER_LAUNCHIMAGE_NAME = LaunchImage;
				GCC_PRECOMPILE_PREFIX_HEADER = YES;
				GCC_PREFIX_HEADER = "iOS开发UI篇-在UIImageView中添加按钮以及Tag的参数说明/iOS开发UI篇-在UIImageView中添加按钮以及Tag的参数说明-Prefix.pch";
				INFOPLIST_FILE = "iOS开发UI篇-在UIImageView中添加按钮以及Tag的参数说明/iOS开发UI篇-在UIImageView中添加按钮以及Tag的参数说明-Info.plist";
				PRODUCT_NAME = "$(TARGET_NAME)";
				WRAPPER_EXTENSION = app;
			};
			name = Debug;
		};
		7483A73219911E1E006AC38C /* Release */ = {
			isa = XCBuildConfiguration;
			buildSettings = {
				ASSETCATALOG_COMPILER_APPICON_NAME = AppIcon;
				ASSETCATALOG_COMPILER_LAUNCHIMAGE_NAME = LaunchImage;
				GCC_PRECOMPILE_PREFIX_HEADER = YES;
				GCC_PREFIX_HEADER = "iOS开发UI篇-在UIImageView中添加按钮以及Tag的参数说明/iOS开发UI篇-在UIImageView中添加按钮以及Tag的参数说明-Prefix.pch";
				INFOPLIST_FILE = "iOS开发UI篇-在UIImageView中添加按钮以及Tag的参数说明/iOS开发UI篇-在UIImageView中添加按钮以及Tag的参数说明-Info.plist";
				PRODUCT_NAME = "$(TARGET_NAME)";
				WRAPPER_EXTENSION = app;
			};
			name = Release;
		};
		7483A73419911E1E006AC38C /* Debug */ = {
			isa = XCBuildConfiguration;
			buildSettings = {
				ARCHS = "$(ARCHS_STANDARD_INCLUDING_64_BIT)";
				BUNDLE_LOADER = "$(BUILT_PRODUCTS_DIR)/iOS开发UI篇-在UIImageView中添加按钮以及Tag的参数说明.app/iOS开发UI篇-在UIImageView中添加按钮以及Tag的参数说明";
				FRAMEWORK_SEARCH_PATHS = (
					"$(SDKROOT)/Developer/Library/Frameworks",
					"$(inherited)",
					"$(DEVELOPER_FRAMEWORKS_DIR)",
				);
				GCC_PRECOMPILE_PREFIX_HEADER = YES;
				GCC_PREFIX_HEADER = "iOS开发UI篇-在UIImageView中添加按钮以及Tag的参数说明/iOS开发UI篇-在UIImageView中添加按钮以及Tag的参数说明-Prefix.pch";
				GCC_PREPROCESSOR_DEFINITIONS = (
					"DEBUG=1",
					"$(inherited)",
				);
				INFOPLIST_FILE = "iOS开发UI篇-在UIImageView中添加按钮以及Tag的参数说明Tests/iOS开发UI篇-在UIImageView中添加按钮以及Tag的参数说明Tests-Info.plist";
				PRODUCT_NAME = "$(TARGET_NAME)";
				TEST_HOST = "$(BUNDLE_LOADER)";
				WRAPPER_EXTENSION = xctest;
			};
			name = Debug;
		};
		7483A73519911E1E006AC38C /* Release */ = {
			isa = XCBuildConfiguration;
			buildSettings = {
				ARCHS = "$(ARCHS_STANDARD_INCLUDING_64_BIT)";
				BUNDLE_LOADER = "$(BUILT_PRODUCTS_DIR)/iOS开发UI篇-在UIImageView中添加按钮以及Tag的参数说明.app/iOS开发UI篇-在UIImageView中添加按钮以及Tag的参数说明";
				FRAMEWORK_SEARCH_PATHS = (
					"$(SDKROOT)/Developer/Library/Frameworks",
					"$(inherited)",
					"$(DEVELOPER_FRAMEWORKS_DIR)",
				);
				GCC_PRECOMPILE_PREFIX_HEADER = YES;
				GCC_PREFIX_HEADER = "iOS开发UI篇-在UIImageView中添加按钮以及Tag的参数说明/iOS开发UI篇-在UIImageView中添加按钮以及Tag的参数说明-Prefix.pch";
				INFOPLIST_FILE = "iOS开发UI篇-在UIImageView中添加按钮以及Tag的参数说明Tests/iOS开发UI篇-在UIImageView中添加按钮以及Tag的参数说明Tests-Info.plist";
				PRODUCT_NAME = "$(TARGET_NAME)";
				TEST_HOST = "$(BUNDLE_LOADER)";
				WRAPPER_EXTENSION = xctest;
			};
			name = Release;
		};
/* End XCBuildConfiguration section */

/* Begin XCConfigurationList section */
		7483A6F919911E1D006AC38C /* Build configuration list for PBXProject "iOS开发UI篇-在UIImageView中添加按钮以及Tag的参数说明" */ = {
			isa = XCConfigurationList;
			buildConfigurations = (
				7483A72E19911E1E006AC38C /* Debug */,
				7483A72F19911E1E006AC38C /* Release */,
			);
			defaultConfigurationIsVisible = 0;
			defaultConfigurationName = Release;
		};
		7483A73019911E1E006AC38C /* Build configuration list for PBXNativeTarget "iOS开发UI篇-在UIImageView中添加按钮以及Tag的参数说明" */ = {
			isa = XCConfigurationList;
			buildConfigurations = (
				7483A73119911E1E006AC38C /* Debug */,
				7483A73219911E1E006AC38C /* Release */,
			);
			defaultConfigurationIsVisible = 0;
		};
		7483A73319911E1E006AC38C /* Build configuration list for PBXNativeTarget "iOS开发UI篇-在UIImageView中添加按钮以及Tag的参数说明Tests" */ = {
			isa = XCConfigurationList;
			buildConfigurations = (
				7483A73419911E1E006AC38C /* Debug */,
				7483A73519911E1E006AC38C /* Release */,
			);
			defaultConfigurationIsVisible = 0;
		};
/* End XCConfigurationList section */
	};
	rootObject = 7483A6F619911E1D006AC38C /* Project object */;
}
