// !$*UTF8*$!
{
	archiveVersion = 1;
	classes = {
	};
	objectVersion = 46;
	objects = {

/* Begin PBXBuildFile section */
		74E6D237199868860003B581 /* Foundation.framework in Frameworks */ = {isa = PBXBuildFile; fileRef = 74E6D236199868860003B581 /* Foundation.framework */; };
		74E6D239199868860003B581 /* CoreGraphics.framework in Frameworks */ = {isa = PBXBuildFile; fileRef = 74E6D238199868860003B581 /* CoreGraphics.framework */; };
		74E6D23B199868860003B581 /* UIKit.framework in Frameworks */ = {isa = PBXBuildFile; fileRef = 74E6D23A199868860003B581 /* UIKit.framework */; };
		74E6D23D199868860003B581 /* CoreData.framework in Frameworks */ = {isa = PBXBuildFile; fileRef = 74E6D23C199868860003B581 /* CoreData.framework */; };
		74E6D243199868860003B581 /* InfoPlist.strings in Resources */ = {isa = PBXBuildFile; fileRef = 74E6D241199868860003B581 /* InfoPlist.strings */; };
		74E6D245199868860003B581 /* main.m in Sources */ = {isa = PBXBuildFile; fileRef = 74E6D244199868860003B581 /* main.m */; };
		74E6D249199868860003B581 /* AppDelegate.m in Sources */ = {isa = PBXBuildFile; fileRef = 74E6D248199868860003B581 /* AppDelegate.m */; };
		74E6D24C199868860003B581 /* iOS__UI______________.xcdatamodeld in Sources */ = {isa = PBXBuildFile; fileRef = 74E6D24A199868860003B581 /* iOS__UI______________.xcdatamodeld */; };
		74E6D24E199868860003B581 /* Images.xcassets in Resources */ = {isa = PBXBuildFile; fileRef = 74E6D24D199868860003B581 /* Images.xcassets */; };
		74E6D255199868860003B581 /* XCTest.framework in Frameworks */ = {isa = PBXBuildFile; fileRef = 74E6D254199868860003B581 /* XCTest.framework */; };
		74E6D256199868860003B581 /* Foundation.framework in Frameworks */ = {isa = PBXBuildFile; fileRef = 74E6D236199868860003B581 /* Foundation.framework */; };
		74E6D257199868860003B581 /* UIKit.framework in Frameworks */ = {isa = PBXBuildFile; fileRef = 74E6D23A199868860003B581 /* UIKit.framework */; };
		74E6D258199868860003B581 /* CoreData.framework in Frameworks */ = {isa = PBXBuildFile; fileRef = 74E6D23C199868860003B581 /* CoreData.framework */; };
		74E6D260199868860003B581 /* InfoPlist.strings in Resources */ = {isa = PBXBuildFile; fileRef = 74E6D25E199868860003B581 /* InfoPlist.strings */; };
		74E6D262199868860003B581 /* iOS__UI______________Tests.m in Sources */ = {isa = PBXBuildFile; fileRef = 74E6D261199868860003B581 /* iOS__UI______________Tests.m */; };
		74E6D26E199868CB0003B581 /* oneViewController.m in Sources */ = {isa = PBXBuildFile; fileRef = 74E6D26C199868CB0003B581 /* oneViewController.m */; };
		74E6D26F199868CB0003B581 /* oneViewController.xib in Resources */ = {isa = PBXBuildFile; fileRef = 74E6D26D199868CB0003B581 /* oneViewController.xib */; };
		74E6D27319986CD80003B581 /* twoViewController.m in Sources */ = {isa = PBXBuildFile; fileRef = 74E6D27119986CD80003B581 /* twoViewController.m */; };
		74E6D27419986CD80003B581 /* twoViewController.xib in Resources */ = {isa = PBXBuildFile; fileRef = 74E6D27219986CD80003B581 /* twoViewController.xib */; };
		74E6D27819986CE00003B581 /* threeViewController.m in Sources */ = {isa = PBXBuildFile; fileRef = 74E6D27619986CE00003B581 /* threeViewController.m */; };
		74E6D27919986CE00003B581 /* threeViewController.xib in Resources */ = {isa = PBXBuildFile; fileRef = 74E6D27719986CE00003B581 /* threeViewController.xib */; };
/* End PBXBuildFile section */

/* Begin PBXContainerItemProxy section */
		74E6D259199868860003B581 /* PBXContainerItemProxy */ = {
			isa = PBXContainerItemProxy;
			containerPortal = 74E6D22B199868860003B581 /* Project object */;
			proxyType = 1;
			remoteGlobalIDString = 74E6D232199868860003B581;
			remoteInfo = "iOS开发UI篇-导航控制器属性和基本使用";
		};
/* End PBXContainerItemProxy section */

/* Begin PBXFileReference section */
		74E6D233199868860003B581 /* iOS开发UI篇-导航控制器属性和基本使用.app */ = {isa = PBXFileReference; explicitFileType = wrapper.application; includeInIndex = 0; path = "iOS开发UI篇-导航控制器属性和基本使用.app"; sourceTree = BUILT_PRODUCTS_DIR; };
		74E6D236199868860003B581 /* Foundation.framework */ = {isa = PBXFileReference; lastKnownFileType = wrapper.framework; name = Foundation.framework; path = System/Library/Frameworks/Foundation.framework; sourceTree = SDKROOT; };
		74E6D238199868860003B581 /* CoreGraphics.framework */ = {isa = PBXFileReference; lastKnownFileType = wrapper.framework; name = CoreGraphics.framework; path = System/Library/Frameworks/CoreGraphics.framework; sourceTree = SDKROOT; };
		74E6D23A199868860003B581 /* UIKit.framework */ = {isa = PBXFileReference; lastKnownFileType = wrapper.framework; name = UIKit.framework; path = System/Library/Frameworks/UIKit.framework; sourceTree = SDKROOT; };
		74E6D23C199868860003B581 /* CoreData.framework */ = {isa = PBXFileReference; lastKnownFileType = wrapper.framework; name = CoreData.framework; path = System/Library/Frameworks/CoreData.framework; sourceTree = SDKROOT; };
		74E6D240199868860003B581 /* iOS开发UI篇-导航控制器属性和基本使用-Info.plist */ = {isa = PBXFileReference; lastKnownFileType = text.plist.xml; path = "iOS开发UI篇-导航控制器属性和基本使用-Info.plist"; sourceTree = "<group>"; };
		74E6D242199868860003B581 /* en */ = {isa = PBXFileReference; lastKnownFileType = text.plist.strings; name = en; path = en.lproj/InfoPlist.strings; sourceTree = "<group>"; };
		74E6D244199868860003B581 /* main.m */ = {isa = PBXFileReference; lastKnownFileType = sourcecode.c.objc; path = main.m; sourceTree = "<group>"; };
		74E6D246199868860003B581 /* iOS开发UI篇-导航控制器属性和基本使用-Prefix.pch */ = {isa = PBXFileReference; lastKnownFileType = sourcecode.c.h; path = "iOS开发UI篇-导航控制器属性和基本使用-Prefix.pch"; sourceTree = "<group>"; };
		74E6D247199868860003B581 /* AppDelegate.h */ = {isa = PBXFileReference; lastKnownFileType = sourcecode.c.h; path = AppDelegate.h; sourceTree = "<group>"; };
		74E6D248199868860003B581 /* AppDelegate.m */ = {isa = PBXFileReference; lastKnownFileType = sourcecode.c.objc; path = AppDelegate.m; sourceTree = "<group>"; };
		74E6D24B199868860003B581 /* iOS__UI______________.xcdatamodel */ = {isa = PBXFileReference; lastKnownFileType = wrapper.xcdatamodel; path = "iOS__UI______________.xcdatamodel"; sourceTree = "<group>"; };
		74E6D24D199868860003B581 /* Images.xcassets */ = {isa = PBXFileReference; lastKnownFileType = folder.assetcatalog; path = Images.xcassets; sourceTree = "<group>"; };
		74E6D253199868860003B581 /* iOS开发UI篇-导航控制器属性和基本使用Tests.xctest */ = {isa = PBXFileReference; explicitFileType = wrapper.cfbundle; includeInIndex = 0; path = "iOS开发UI篇-导航控制器属性和基本使用Tests.xctest"; sourceTree = BUILT_PRODUCTS_DIR; };
		74E6D254199868860003B581 /* XCTest.framework */ = {isa = PBXFileReference; lastKnownFileType = wrapper.framework; name = XCTest.framework; path = Library/Frameworks/XCTest.framework; sourceTree = DEVELOPER_DIR; };
		74E6D25D199868860003B581 /* iOS开发UI篇-导航控制器属性和基本使用Tests-Info.plist */ = {isa = PBXFileReference; lastKnownFileType = text.plist.xml; path = "iOS开发UI篇-导航控制器属性和基本使用Tests-Info.plist"; sourceTree = "<group>"; };
		74E6D25F199868860003B581 /* en */ = {isa = PBXFileReference; lastKnownFileType = text.plist.strings; name = en; path = en.lproj/InfoPlist.strings; sourceTree = "<group>"; };
		74E6D261199868860003B581 /* iOS__UI______________Tests.m */ = {isa = PBXFileReference; lastKnownFileType = sourcecode.c.objc; path = "iOS__UI______________Tests.m"; sourceTree = "<group>"; };
		74E6D26B199868CB0003B581 /* oneViewController.h */ = {isa = PBXFileReference; fileEncoding = 4; lastKnownFileType = sourcecode.c.h; path = oneViewController.h; sourceTree = "<group>"; };
		74E6D26C199868CB0003B581 /* oneViewController.m */ = {isa = PBXFileReference; fileEncoding = 4; lastKnownFileType = sourcecode.c.objc; path = oneViewController.m; sourceTree = "<group>"; };
		74E6D26D199868CB0003B581 /* oneViewController.xib */ = {isa = PBXFileReference; fileEncoding = 4; lastKnownFileType = file.xib; path = oneViewController.xib; sourceTree = "<group>"; };
		74E6D27019986CD80003B581 /* twoViewController.h */ = {isa = PBXFileReference; fileEncoding = 4; lastKnownFileType = sourcecode.c.h; path = twoViewController.h; sourceTree = "<group>"; };
		74E6D27119986CD80003B581 /* twoViewController.m */ = {isa = PBXFileReference; fileEncoding = 4; lastKnownFileType = sourcecode.c.objc; path = twoViewController.m; sourceTree = "<group>"; };
		74E6D27219986CD80003B581 /* twoViewController.xib */ = {isa = PBXFileReference; fileEncoding = 4; lastKnownFileType = file.xib; path = twoViewController.xib; sourceTree = "<group>"; };
		74E6D27519986CE00003B581 /* threeViewController.h */ = {isa = PBXFileReference; fileEncoding = 4; lastKnownFileType = sourcecode.c.h; path = threeViewController.h; sourceTree = "<group>"; };
		74E6D27619986CE00003B581 /* threeViewController.m */ = {isa = PBXFileReference; fileEncoding = 4; lastKnownFileType = sourcecode.c.objc; path = threeViewController.m; sourceTree = "<group>"; };
		74E6D27719986CE00003B581 /* threeViewController.xib */ = {isa = PBXFileReference; fileEncoding = 4; lastKnownFileType = file.xib; path = threeViewController.xib; sourceTree = "<group>"; };
/* End PBXFileReference section */

/* Begin PBXFrameworksBuildPhase section */
		74E6D230199868860003B581 /* Frameworks */ = {
			isa = PBXFrameworksBuildPhase;
			buildActionMask = 2147483647;
			files = (
				74E6D239199868860003B581 /* CoreGraphics.framework in Frameworks */,
				74E6D23D199868860003B581 /* CoreData.framework in Frameworks */,
				74E6D23B199868860003B581 /* UIKit.framework in Frameworks */,
				74E6D237199868860003B581 /* Foundation.framework in Frameworks */,
			);
			runOnlyForDeploymentPostprocessing = 0;
		};
		74E6D250199868860003B581 /* Frameworks */ = {
			isa = PBXFrameworksBuildPhase;
			buildActionMask = 2147483647;
			files = (
				74E6D255199868860003B581 /* XCTest.framework in Frameworks */,
				74E6D258199868860003B581 /* CoreData.framework in Frameworks */,
				74E6D257199868860003B581 /* UIKit.framework in Frameworks */,
				74E6D256199868860003B581 /* Foundation.framework in Frameworks */,
			);
			runOnlyForDeploymentPostprocessing = 0;
		};
/* End PBXFrameworksBuildPhase section */

/* Begin PBXGroup section */
		74E6D22A199868860003B581 = {
			isa = PBXGroup;
			children = (
				74E6D23E199868860003B581 /* iOS开发UI篇-导航控制器属性和基本使用 */,
				74E6D25B199868860003B581 /* iOS开发UI篇-导航控制器属性和基本使用Tests */,
				74E6D235199868860003B581 /* Frameworks */,
				74E6D234199868860003B581 /* Products */,
			);
			sourceTree = "<group>";
		};
		74E6D234199868860003B581 /* Products */ = {
			isa = PBXGroup;
			children = (
				74E6D233199868860003B581 /* iOS开发UI篇-导航控制器属性和基本使用.app */,
				74E6D253199868860003B581 /* iOS开发UI篇-导航控制器属性和基本使用Tests.xctest */,
			);
			name = Products;
			sourceTree = "<group>";
		};
		74E6D235199868860003B581 /* Frameworks */ = {
			isa = PBXGroup;
			children = (
				74E6D236199868860003B581 /* Foundation.framework */,
				74E6D238199868860003B581 /* CoreGraphics.framework */,
				74E6D23A199868860003B581 /* UIKit.framework */,
				74E6D23C199868860003B581 /* CoreData.framework */,
				74E6D254199868860003B581 /* XCTest.framework */,
			);
			name = Frameworks;
			sourceTree = "<group>";
		};
		74E6D23E199868860003B581 /* iOS开发UI篇-导航控制器属性和基本使用 */ = {
			isa = PBXGroup;
			children = (
				74E6D247199868860003B581 /* AppDelegate.h */,
				74E6D248199868860003B581 /* AppDelegate.m */,
				74E6D26B199868CB0003B581 /* oneViewController.h */,
				74E6D26C199868CB0003B581 /* oneViewController.m */,
				74E6D26D199868CB0003B581 /* oneViewController.xib */,
				74E6D27019986CD80003B581 /* twoViewController.h */,
				74E6D27119986CD80003B581 /* twoViewController.m */,
				74E6D27219986CD80003B581 /* twoViewController.xib */,
				74E6D27519986CE00003B581 /* threeViewController.h */,
				74E6D27619986CE00003B581 /* threeViewController.m */,
				74E6D27719986CE00003B581 /* threeViewController.xib */,
				74E6D24D199868860003B581 /* Images.xcassets */,
				74E6D24A199868860003B581 /* iOS__UI______________.xcdatamodeld */,
				74E6D23F199868860003B581 /* Supporting Files */,
			);
			path = "iOS开发UI篇-导航控制器属性和基本使用";
			sourceTree = "<group>";
		};
		74E6D23F199868860003B581 /* Supporting Files */ = {
			isa = PBXGroup;
			children = (
				74E6D240199868860003B581 /* iOS开发UI篇-导航控制器属性和基本使用-Info.plist */,
				74E6D241199868860003B581 /* InfoPlist.strings */,
				74E6D244199868860003B581 /* main.m */,
				74E6D246199868860003B581 /* iOS开发UI篇-导航控制器属性和基本使用-Prefix.pch */,
			);
			name = "Supporting Files";
			sourceTree = "<group>";
		};
		74E6D25B199868860003B581 /* iOS开发UI篇-导航控制器属性和基本使用Tests */ = {
			isa = PBXGroup;
			children = (
				74E6D261199868860003B581 /* iOS__UI______________Tests.m */,
				74E6D25C199868860003B581 /* Supporting Files */,
			);
			path = "iOS开发UI篇-导航控制器属性和基本使用Tests";
			sourceTree = "<group>";
		};
		74E6D25C199868860003B581 /* Supporting Files */ = {
			isa = PBXGroup;
			children = (
				74E6D25D199868860003B581 /* iOS开发UI篇-导航控制器属性和基本使用Tests-Info.plist */,
				74E6D25E199868860003B581 /* InfoPlist.strings */,
			);
			name = "Supporting Files";
			sourceTree = "<group>";
		};
/* End PBXGroup section */

/* Begin PBXNativeTarget section */
		74E6D232199868860003B581 /* iOS开发UI篇-导航控制器属性和基本使用 */ = {
			isa = PBXNativeTarget;
			buildConfigurationList = 74E6D265199868860003B581 /* Build configuration list for PBXNativeTarget "iOS开发UI篇-导航控制器属性和基本使用" */;
			buildPhases = (
				74E6D22F199868860003B581 /* Sources */,
				74E6D230199868860003B581 /* Frameworks */,
				74E6D231199868860003B581 /* Resources */,
			);
			buildRules = (
			);
			dependencies = (
			);
			name = "iOS开发UI篇-导航控制器属性和基本使用";
			productName = "iOS开发UI篇-导航控制器属性和基本使用";
			productReference = 74E6D233199868860003B581 /* iOS开发UI篇-导航控制器属性和基本使用.app */;
			productType = "com.apple.product-type.application";
		};
		74E6D252199868860003B581 /* iOS开发UI篇-导航控制器属性和基本使用Tests */ = {
			isa = PBXNativeTarget;
			buildConfigurationList = 74E6D268199868860003B581 /* Build configuration list for PBXNativeTarget "iOS开发UI篇-导航控制器属性和基本使用Tests" */;
			buildPhases = (
				74E6D24F199868860003B581 /* Sources */,
				74E6D250199868860003B581 /* Frameworks */,
				74E6D251199868860003B581 /* Resources */,
			);
			buildRules = (
			);
			dependencies = (
				74E6D25A199868860003B581 /* PBXTargetDependency */,
			);
			name = "iOS开发UI篇-导航控制器属性和基本使用Tests";
			productName = "iOS开发UI篇-导航控制器属性和基本使用Tests";
			productReference = 74E6D253199868860003B581 /* iOS开发UI篇-导航控制器属性和基本使用Tests.xctest */;
			productType = "com.apple.product-type.bundle.unit-test";
		};
/* End PBXNativeTarget section */

/* Begin PBXProject section */
		74E6D22B199868860003B581 /* Project object */ = {
			isa = PBXProject;
			attributes = {
				LastUpgradeCheck = 0500;
				ORGANIZATIONNAME = a;
				TargetAttributes = {
					74E6D252199868860003B581 = {
						TestTargetID = 74E6D232199868860003B581;
					};
				};
			};
			buildConfigurationList = 74E6D22E199868860003B581 /* Build configuration list for PBXProject "iOS开发UI篇-导航控制器属性和基本使用" */;
			compatibilityVersion = "Xcode 3.2";
			developmentRegion = English;
			hasScannedForEncodings = 0;
			knownRegions = (
				en,
			);
			mainGroup = 74E6D22A199868860003B581;
			productRefGroup = 74E6D234199868860003B581 /* Products */;
			projectDirPath = "";
			projectRoot = "";
			targets = (
				74E6D232199868860003B581 /* iOS开发UI篇-导航控制器属性和基本使用 */,
				74E6D252199868860003B581 /* iOS开发UI篇-导航控制器属性和基本使用Tests */,
			);
		};
/* End PBXProject section */

/* Begin PBXResourcesBuildPhase section */
		74E6D231199868860003B581 /* Resources */ = {
			isa = PBXResourcesBuildPhase;
			buildActionMask = 2147483647;
			files = (
				74E6D27919986CE00003B581 /* threeViewController.xib in Resources */,
				74E6D243199868860003B581 /* InfoPlist.strings in Resources */,
				74E6D24E199868860003B581 /* Images.xcassets in Resources */,
				74E6D26F199868CB0003B581 /* oneViewController.xib in Resources */,
				74E6D27419986CD80003B581 /* twoViewController.xib in Resources */,
			);
			runOnlyForDeploymentPostprocessing = 0;
		};
		74E6D251199868860003B581 /* Resources */ = {
			isa = PBXResourcesBuildPhase;
			buildActionMask = 2147483647;
			files = (
				74E6D260199868860003B581 /* InfoPlist.strings in Resources */,
			);
			runOnlyForDeploymentPostprocessing = 0;
		};
/* End PBXResourcesBuildPhase section */

/* Begin PBXSourcesBuildPhase section */
		74E6D22F199868860003B581 /* Sources */ = {
			isa = PBXSourcesBuildPhase;
			buildActionMask = 2147483647;
			files = (
				74E6D249199868860003B581 /* AppDelegate.m in Sources */,
				74E6D24C199868860003B581 /* iOS__UI______________.xcdatamodeld in Sources */,
				74E6D245199868860003B581 /* main.m in Sources */,
				74E6D27819986CE00003B581 /* threeViewController.m in Sources */,
				74E6D26E199868CB0003B581 /* oneViewController.m in Sources */,
				74E6D27319986CD80003B581 /* twoViewController.m in Sources */,
			);
			runOnlyForDeploymentPostprocessing = 0;
		};
		74E6D24F199868860003B581 /* Sources */ = {
			isa = PBXSourcesBuildPhase;
			buildActionMask = 2147483647;
			files = (
				74E6D262199868860003B581 /* iOS__UI______________Tests.m in Sources */,
			);
			runOnlyForDeploymentPostprocessing = 0;
		};
/* End PBXSourcesBuildPhase section */

/* Begin PBXTargetDependency section */
		74E6D25A199868860003B581 /* PBXTargetDependency */ = {
			isa = PBXTargetDependency;
			target = 74E6D232199868860003B581 /* iOS开发UI篇-导航控制器属性和基本使用 */;
			targetProxy = 74E6D259199868860003B581 /* PBXContainerItemProxy */;
		};
/* End PBXTargetDependency section */

/* Begin PBXVariantGroup section */
		74E6D241199868860003B581 /* InfoPlist.strings */ = {
			isa = PBXVariantGroup;
			children = (
				74E6D242199868860003B581 /* en */,
			);
			name = InfoPlist.strings;
			sourceTree = "<group>";
		};
		74E6D25E199868860003B581 /* InfoPlist.strings */ = {
			isa = PBXVariantGroup;
			children = (
				74E6D25F199868860003B581 /* en */,
			);
			name = InfoPlist.strings;
			sourceTree = "<group>";
		};
/* End PBXVariantGroup section */

/* Begin XCBuildConfiguration section */
		74E6D263199868860003B581 /* Debug */ = {
			isa = XCBuildConfiguration;
			buildSettings = {
				ALWAYS_SEARCH_USER_PATHS = NO;
				ARCHS = "$(ARCHS_STANDARD_INCLUDING_64_BIT)";
				CLANG_CXX_LANGUAGE_STANDARD = "gnu++0x";
				CLANG_CXX_LIBRARY = "libc++";
				CLANG_ENABLE_MODULES = YES;
				CLANG_ENABLE_OBJC_ARC = YES;
				CLANG_WARN_BOOL_CONVERSION = YES;
				CLANG_WARN_CONSTANT_CONVERSION = YES;
				CLANG_WARN_DIRECT_OBJC_ISA_USAGE = YES_ERROR;
				CLANG_WARN_EMPTY_BODY = YES;
				CLANG_WARN_ENUM_CONVERSION = YES;
				CLANG_WARN_INT_CONVERSION = YES;
				CLANG_WARN_OBJC_ROOT_CLASS = YES_ERROR;
				CLANG_WARN__DUPLICATE_METHOD_MATCH = YES;
				"CODE_SIGN_IDENTITY[sdk=iphoneos*]" = "iPhone Developer";
				COPY_PHASE_STRIP = NO;
				GCC_C_LANGUAGE_STANDARD = gnu99;
				GCC_DYNAMIC_NO_PIC = NO;
				GCC_OPTIMIZATION_LEVEL = 0;
				GCC_PREPROCESSOR_DEFINITIONS = (
					"DEBUG=1",
					"$(inherited)",
				);
				GCC_SYMBOLS_PRIVATE_EXTERN = NO;
				GCC_WARN_64_TO_32_BIT_CONVERSION = YES;
				GCC_WARN_ABOUT_RETURN_TYPE = YES_ERROR;
				GCC_WARN_UNDECLARED_SELECTOR = YES;
				GCC_WARN_UNINITIALIZED_AUTOS = YES;
				GCC_WARN_UNUSED_FUNCTION = YES;
				GCC_WARN_UNUSED_VARIABLE = YES;
				IPHONEOS_DEPLOYMENT_TARGET = 7.0;
				ONLY_ACTIVE_ARCH = YES;
				SDKROOT = iphoneos;
			};
			name = Debug;
		};
		74E6D264199868860003B581 /* Release */ = {
			isa = XCBuildConfiguration;
			buildSettings = {
				ALWAYS_SEARCH_USER_PATHS = NO;
				ARCHS = "$(ARCHS_STANDARD_INCLUDING_64_BIT)";
				CLANG_CXX_LANGUAGE_STANDARD = "gnu++0x";
				CLANG_CXX_LIBRARY = "libc++";
				CLANG_ENABLE_MODULES = YES;
				CLANG_ENABLE_OBJC_ARC = YES;
				CLANG_WARN_BOOL_CONVERSION = YES;
				CLANG_WARN_CONSTANT_CONVERSION = YES;
				CLANG_WARN_DIRECT_OBJC_ISA_USAGE = YES_ERROR;
				CLANG_WARN_EMPTY_BODY = YES;
				CLANG_WARN_ENUM_CONVERSION = YES;
				CLANG_WARN_INT_CONVERSION = YES;
				CLANG_WARN_OBJC_ROOT_CLASS = YES_ERROR;
				CLANG_WARN__DUPLICATE_METHOD_MATCH = YES;
				"CODE_SIGN_IDENTITY[sdk=iphoneos*]" = "iPhone Developer";
				COPY_PHASE_STRIP = YES;
				ENABLE_NS_ASSERTIONS = NO;
				GCC_C_LANGUAGE_STANDARD = gnu99;
				GCC_WARN_64_TO_32_BIT_CONVERSION = YES;
				GCC_WARN_ABOUT_RETURN_TYPE = YES_ERROR;
				GCC_WARN_UNDECLARED_SELECTOR = YES;
				GCC_WARN_UNINITIALIZED_AUTOS = YES;
				GCC_WARN_UNUSED_FUNCTION = YES;
				GCC_WARN_UNUSED_VARIABLE = YES;
				IPHONEOS_DEPLOYMENT_TARGET = 7.0;
				SDKROOT = iphoneos;
				VALIDATE_PRODUCT = YES;
			};
			name = Release;
		};
		74E6D266199868860003B581 /* Debug */ = {
			isa = XCBuildConfiguration;
			buildSettings = {
				ASSETCATALOG_COMPILER_APPICON_NAME = AppIcon;
				ASSETCATALOG_COMPILER_LAUNCHIMAGE_NAME = LaunchImage;
				GCC_PRECOMPILE_PREFIX_HEADER = YES;
				GCC_PREFIX_HEADER = "iOS开发UI篇-导航控制器属性和基本使用/iOS开发UI篇-导航控制器属性和基本使用-Prefix.pch";
				INFOPLIST_FILE = "iOS开发UI篇-导航控制器属性和基本使用/iOS开发UI篇-导航控制器属性和基本使用-Info.plist";
				PRODUCT_NAME = "$(TARGET_NAME)";
				WRAPPER_EXTENSION = app;
			};
			name = Debug;
		};
		74E6D267199868860003B581 /* Release */ = {
			isa = XCBuildConfiguration;
			buildSettings = {
				ASSETCATALOG_COMPILER_APPICON_NAME = AppIcon;
				ASSETCATALOG_COMPILER_LAUNCHIMAGE_NAME = LaunchImage;
				GCC_PRECOMPILE_PREFIX_HEADER = YES;
				GCC_PREFIX_HEADER = "iOS开发UI篇-导航控制器属性和基本使用/iOS开发UI篇-导航控制器属性和基本使用-Prefix.pch";
				INFOPLIST_FILE = "iOS开发UI篇-导航控制器属性和基本使用/iOS开发UI篇-导航控制器属性和基本使用-Info.plist";
				PRODUCT_NAME = "$(TARGET_NAME)";
				WRAPPER_EXTENSION = app;
			};
			name = Release;
		};
		74E6D269199868860003B581 /* Debug */ = {
			isa = XCBuildConfiguration;
			buildSettings = {
				ARCHS = "$(ARCHS_STANDARD_INCLUDING_64_BIT)";
				BUNDLE_LOADER = "$(BUILT_PRODUCTS_DIR)/iOS开发UI篇-导航控制器属性和基本使用.app/iOS开发UI篇-导航控制器属性和基本使用";
				FRAMEWORK_SEARCH_PATHS = (
					"$(SDKROOT)/Developer/Library/Frameworks",
					"$(inherited)",
					"$(DEVELOPER_FRAMEWORKS_DIR)",
				);
				GCC_PRECOMPILE_PREFIX_HEADER = YES;
				GCC_PREFIX_HEADER = "iOS开发UI篇-导航控制器属性和基本使用/iOS开发UI篇-导航控制器属性和基本使用-Prefix.pch";
				GCC_PREPROCESSOR_DEFINITIONS = (
					"DEBUG=1",
					"$(inherited)",
				);
				INFOPLIST_FILE = "iOS开发UI篇-导航控制器属性和基本使用Tests/iOS开发UI篇-导航控制器属性和基本使用Tests-Info.plist";
				PRODUCT_NAME = "$(TARGET_NAME)";
				TEST_HOST = "$(BUNDLE_LOADER)";
				WRAPPER_EXTENSION = xctest;
			};
			name = Debug;
		};
		74E6D26A199868860003B581 /* Release */ = {
			isa = XCBuildConfiguration;
			buildSettings = {
				ARCHS = "$(ARCHS_STANDARD_INCLUDING_64_BIT)";
				BUNDLE_LOADER = "$(BUILT_PRODUCTS_DIR)/iOS开发UI篇-导航控制器属性和基本使用.app/iOS开发UI篇-导航控制器属性和基本使用";
				FRAMEWORK_SEARCH_PATHS = (
					"$(SDKROOT)/Developer/Library/Frameworks",
					"$(inherited)",
					"$(DEVELOPER_FRAMEWORKS_DIR)",
				);
				GCC_PRECOMPILE_PREFIX_HEADER = YES;
				GCC_PREFIX_HEADER = "iOS开发UI篇-导航控制器属性和基本使用/iOS开发UI篇-导航控制器属性和基本使用-Prefix.pch";
				INFOPLIST_FILE = "iOS开发UI篇-导航控制器属性和基本使用Tests/iOS开发UI篇-导航控制器属性和基本使用Tests-Info.plist";
				PRODUCT_NAME = "$(TARGET_NAME)";
				TEST_HOST = "$(BUNDLE_LOADER)";
				WRAPPER_EXTENSION = xctest;
			};
			name = Release;
		};
/* End XCBuildConfiguration section */

/* Begin XCConfigurationList section */
		74E6D22E199868860003B581 /* Build configuration list for PBXProject "iOS开发UI篇-导航控制器属性和基本使用" */ = {
			isa = XCConfigurationList;
			buildConfigurations = (
				74E6D263199868860003B581 /* Debug */,
				74E6D264199868860003B581 /* Release */,
			);
			defaultConfigurationIsVisible = 0;
			defaultConfigurationName = Release;
		};
		74E6D265199868860003B581 /* Build configuration list for PBXNativeTarget "iOS开发UI篇-导航控制器属性和基本使用" */ = {
			isa = XCConfigurationList;
			buildConfigurations = (
				74E6D266199868860003B581 /* Debug */,
				74E6D267199868860003B581 /* Release */,
			);
			defaultConfigurationIsVisible = 0;
		};
		74E6D268199868860003B581 /* Build configuration list for PBXNativeTarget "iOS开发UI篇-导航控制器属性和基本使用Tests" */ = {
			isa = XCConfigurationList;
			buildConfigurations = (
				74E6D269199868860003B581 /* Debug */,
				74E6D26A199868860003B581 /* Release */,
			);
			defaultConfigurationIsVisible = 0;
		};
/* End XCConfigurationList section */

/* Begin XCVersionGroup section */
		74E6D24A199868860003B581 /* iOS__UI______________.xcdatamodeld */ = {
			isa = XCVersionGroup;
			children = (
				74E6D24B199868860003B581 /* iOS__UI______________.xcdatamodel */,
			);
			currentVersion = 74E6D24B199868860003B581 /* iOS__UI______________.xcdatamodel */;
			path = "iOS__UI______________.xcdatamodeld";
			sourceTree = "<group>";
			versionGroupType = wrapper.xcdatamodel;
		};
/* End XCVersionGroup section */
	};
	rootObject = 74E6D22B199868860003B581 /* Project object */;
}
