// !$*UTF8*$!
{
	archiveVersion = 1;
	classes = {
	};
	objectVersion = 46;
	objects = {

/* Begin PBXBuildFile section */
		74147AA51994D50600608648 /* Foundation.framework in Frameworks */ = {isa = PBXBuildFile; fileRef = 74147AA41994D50600608648 /* Foundation.framework */; };
		74147AA71994D50600608648 /* CoreGraphics.framework in Frameworks */ = {isa = PBXBuildFile; fileRef = 74147AA61994D50600608648 /* CoreGraphics.framework */; };
		74147AA91994D50600608648 /* UIKit.framework in Frameworks */ = {isa = PBXBuildFile; fileRef = 74147AA81994D50600608648 /* UIKit.framework */; };
		74147AAF1994D50600608648 /* InfoPlist.strings in Resources */ = {isa = PBXBuildFile; fileRef = 74147AAD1994D50600608648 /* InfoPlist.strings */; };
		74147AB11994D50600608648 /* main.m in Sources */ = {isa = PBXBuildFile; fileRef = 74147AB01994D50600608648 /* main.m */; };
		74147AB51994D50600608648 /* AppDelegate.m in Sources */ = {isa = PBXBuildFile; fileRef = 74147AB41994D50600608648 /* AppDelegate.m */; };
		74147AB81994D50600608648 /* Main.storyboard in Resources */ = {isa = PBXBuildFile; fileRef = 74147AB61994D50600608648 /* Main.storyboard */; };
		74147ABB1994D50600608648 /* ViewController.m in Sources */ = {isa = PBXBuildFile; fileRef = 74147ABA1994D50600608648 /* ViewController.m */; };
		74147ABD1994D50600608648 /* Images.xcassets in Resources */ = {isa = PBXBuildFile; fileRef = 74147ABC1994D50600608648 /* Images.xcassets */; };
		74147AC41994D50600608648 /* XCTest.framework in Frameworks */ = {isa = PBXBuildFile; fileRef = 74147AC31994D50600608648 /* XCTest.framework */; };
		74147AC51994D50600608648 /* Foundation.framework in Frameworks */ = {isa = PBXBuildFile; fileRef = 74147AA41994D50600608648 /* Foundation.framework */; };
		74147AC61994D50600608648 /* UIKit.framework in Frameworks */ = {isa = PBXBuildFile; fileRef = 74147AA81994D50600608648 /* UIKit.framework */; };
		74147ACE1994D50600608648 /* InfoPlist.strings in Resources */ = {isa = PBXBuildFile; fileRef = 74147ACC1994D50600608648 /* InfoPlist.strings */; };
		74147AD01994D50600608648 /* iOS__UI____UITableView_______QQ____Tests.m in Sources */ = {isa = PBXBuildFile; fileRef = 74147ACF1994D50600608648 /* iOS__UI____UITableView_______QQ____Tests.m */; };
		74147ADA1994D54900608648 /* friends.plist in Resources */ = {isa = PBXBuildFile; fileRef = 74147AD91994D54900608648 /* friends.plist */; };
		74147ADE1994DD0400608648 /* QQGroupModel.m in Sources */ = {isa = PBXBuildFile; fileRef = 74147ADD1994DD0400608648 /* QQGroupModel.m */; };
		74147AE91994DD2700608648 /* 1.png in Resources */ = {isa = PBXBuildFile; fileRef = 74147ADF1994DD2700608648 /* 1.png */; };
		74147AEA1994DD2700608648 /* 2.png in Resources */ = {isa = PBXBuildFile; fileRef = 74147AE01994DD2700608648 /* 2.png */; };
		74147AEB1994DD2700608648 /* 3.png in Resources */ = {isa = PBXBuildFile; fileRef = 74147AE11994DD2700608648 /* 3.png */; };
		74147AEC1994DD2700608648 /* 4.png in Resources */ = {isa = PBXBuildFile; fileRef = 74147AE21994DD2700608648 /* 4.png */; };
		74147AED1994DD2700608648 /* 5.png in Resources */ = {isa = PBXBuildFile; fileRef = 74147AE31994DD2700608648 /* 5.png */; };
		74147AEE1994DD2700608648 /* 6.png in Resources */ = {isa = PBXBuildFile; fileRef = 74147AE41994DD2700608648 /* 6.png */; };
		74147AEF1994DD2700608648 /* 7.png in Resources */ = {isa = PBXBuildFile; fileRef = 74147AE51994DD2700608648 /* 7.png */; };
		74147AF01994DD2700608648 /* 8.png in Resources */ = {isa = PBXBuildFile; fileRef = 74147AE61994DD2700608648 /* 8.png */; };
		74147AF11994DD2700608648 /* 9.png in Resources */ = {isa = PBXBuildFile; fileRef = 74147AE71994DD2700608648 /* 9.png */; };
		74147AF21994DD2700608648 /* 10.png in Resources */ = {isa = PBXBuildFile; fileRef = 74147AE81994DD2700608648 /* 10.png */; };
		74147AF51994DF5200608648 /* FriendsModel.m in Sources */ = {isa = PBXBuildFile; fileRef = 74147AF41994DF5200608648 /* FriendsModel.m */; };
		74E6CEC11994E7CC0003B581 /* FriendCell.m in Sources */ = {isa = PBXBuildFile; fileRef = 74E6CEC01994E7CC0003B581 /* FriendCell.m */; };
/* End PBXBuildFile section */

/* Begin PBXContainerItemProxy section */
		74147AC71994D50600608648 /* PBXContainerItemProxy */ = {
			isa = PBXContainerItemProxy;
			containerPortal = 74147A991994D50600608648 /* Project object */;
			proxyType = 1;
			remoteGlobalIDString = 74147AA01994D50600608648;
			remoteInfo = "iOS开发UI篇-使用UITableView完成一个简单的QQ好友列表";
		};
/* End PBXContainerItemProxy section */

/* Begin PBXFileReference section */
		74147AA11994D50600608648 /* iOS开发UI篇-使用UITableView完成一个简单的QQ好友列表.app */ = {isa = PBXFileReference; explicitFileType = wrapper.application; includeInIndex = 0; path = "iOS开发UI篇-使用UITableView完成一个简单的QQ好友列表.app"; sourceTree = BUILT_PRODUCTS_DIR; };
		74147AA41994D50600608648 /* Foundation.framework */ = {isa = PBXFileReference; lastKnownFileType = wrapper.framework; name = Foundation.framework; path = System/Library/Frameworks/Foundation.framework; sourceTree = SDKROOT; };
		74147AA61994D50600608648 /* CoreGraphics.framework */ = {isa = PBXFileReference; lastKnownFileType = wrapper.framework; name = CoreGraphics.framework; path = System/Library/Frameworks/CoreGraphics.framework; sourceTree = SDKROOT; };
		74147AA81994D50600608648 /* UIKit.framework */ = {isa = PBXFileReference; lastKnownFileType = wrapper.framework; name = UIKit.framework; path = System/Library/Frameworks/UIKit.framework; sourceTree = SDKROOT; };
		74147AAC1994D50600608648 /* iOS开发UI篇-使用UITableView完成一个简单的QQ好友列表-Info.plist */ = {isa = PBXFileReference; lastKnownFileType = text.plist.xml; path = "iOS开发UI篇-使用UITableView完成一个简单的QQ好友列表-Info.plist"; sourceTree = "<group>"; };
		74147AAE1994D50600608648 /* en */ = {isa = PBXFileReference; lastKnownFileType = text.plist.strings; name = en; path = en.lproj/InfoPlist.strings; sourceTree = "<group>"; };
		74147AB01994D50600608648 /* main.m */ = {isa = PBXFileReference; lastKnownFileType = sourcecode.c.objc; path = main.m; sourceTree = "<group>"; };
		74147AB21994D50600608648 /* iOS开发UI篇-使用UITableView完成一个简单的QQ好友列表-Prefix.pch */ = {isa = PBXFileReference; lastKnownFileType = sourcecode.c.h; path = "iOS开发UI篇-使用UITableView完成一个简单的QQ好友列表-Prefix.pch"; sourceTree = "<group>"; };
		74147AB31994D50600608648 /* AppDelegate.h */ = {isa = PBXFileReference; lastKnownFileType = sourcecode.c.h; path = AppDelegate.h; sourceTree = "<group>"; };
		74147AB41994D50600608648 /* AppDelegate.m */ = {isa = PBXFileReference; lastKnownFileType = sourcecode.c.objc; path = AppDelegate.m; sourceTree = "<group>"; };
		74147AB71994D50600608648 /* Base */ = {isa = PBXFileReference; lastKnownFileType = file.storyboard; name = Base; path = Base.lproj/Main.storyboard; sourceTree = "<group>"; };
		74147AB91994D50600608648 /* ViewController.h */ = {isa = PBXFileReference; lastKnownFileType = sourcecode.c.h; path = ViewController.h; sourceTree = "<group>"; };
		74147ABA1994D50600608648 /* ViewController.m */ = {isa = PBXFileReference; lastKnownFileType = sourcecode.c.objc; path = ViewController.m; sourceTree = "<group>"; };
		74147ABC1994D50600608648 /* Images.xcassets */ = {isa = PBXFileReference; lastKnownFileType = folder.assetcatalog; path = Images.xcassets; sourceTree = "<group>"; };
		74147AC21994D50600608648 /* iOS开发UI篇-使用UITableView完成一个简单的QQ好友列表Tests.xctest */ = {isa = PBXFileReference; explicitFileType = wrapper.cfbundle; includeInIndex = 0; path = "iOS开发UI篇-使用UITableView完成一个简单的QQ好友列表Tests.xctest"; sourceTree = BUILT_PRODUCTS_DIR; };
		74147AC31994D50600608648 /* XCTest.framework */ = {isa = PBXFileReference; lastKnownFileType = wrapper.framework; name = XCTest.framework; path = Library/Frameworks/XCTest.framework; sourceTree = DEVELOPER_DIR; };
		74147ACB1994D50600608648 /* iOS开发UI篇-使用UITableView完成一个简单的QQ好友列表Tests-Info.plist */ = {isa = PBXFileReference; lastKnownFileType = text.plist.xml; path = "iOS开发UI篇-使用UITableView完成一个简单的QQ好友列表Tests-Info.plist"; sourceTree = "<group>"; };
		74147ACD1994D50600608648 /* en */ = {isa = PBXFileReference; lastKnownFileType = text.plist.strings; name = en; path = en.lproj/InfoPlist.strings; sourceTree = "<group>"; };
		74147ACF1994D50600608648 /* iOS__UI____UITableView_______QQ____Tests.m */ = {isa = PBXFileReference; lastKnownFileType = sourcecode.c.objc; path = "iOS__UI____UITableView_______QQ____Tests.m"; sourceTree = "<group>"; };
		74147AD91994D54900608648 /* friends.plist */ = {isa = PBXFileReference; fileEncoding = 4; lastKnownFileType = text.plist.xml; name = friends.plist; path = ../friends.plist; sourceTree = "<group>"; };
		74147ADC1994DD0400608648 /* QQGroupModel.h */ = {isa = PBXFileReference; fileEncoding = 4; lastKnownFileType = sourcecode.c.h; path = QQGroupModel.h; sourceTree = "<group>"; };
		74147ADD1994DD0400608648 /* QQGroupModel.m */ = {isa = PBXFileReference; fileEncoding = 4; lastKnownFileType = sourcecode.c.objc; path = QQGroupModel.m; sourceTree = "<group>"; };
		74147ADF1994DD2700608648 /* 1.png */ = {isa = PBXFileReference; lastKnownFileType = image.png; path = 1.png; sourceTree = "<group>"; };
		74147AE01994DD2700608648 /* 2.png */ = {isa = PBXFileReference; lastKnownFileType = image.png; path = 2.png; sourceTree = "<group>"; };
		74147AE11994DD2700608648 /* 3.png */ = {isa = PBXFileReference; lastKnownFileType = image.png; path = 3.png; sourceTree = "<group>"; };
		74147AE21994DD2700608648 /* 4.png */ = {isa = PBXFileReference; lastKnownFileType = image.png; path = 4.png; sourceTree = "<group>"; };
		74147AE31994DD2700608648 /* 5.png */ = {isa = PBXFileReference; lastKnownFileType = image.png; path = 5.png; sourceTree = "<group>"; };
		74147AE41994DD2700608648 /* 6.png */ = {isa = PBXFileReference; lastKnownFileType = image.png; path = 6.png; sourceTree = "<group>"; };
		74147AE51994DD2700608648 /* 7.png */ = {isa = PBXFileReference; lastKnownFileType = image.png; path = 7.png; sourceTree = "<group>"; };
		74147AE61994DD2700608648 /* 8.png */ = {isa = PBXFileReference; lastKnownFileType = image.png; path = 8.png; sourceTree = "<group>"; };
		74147AE71994DD2700608648 /* 9.png */ = {isa = PBXFileReference; lastKnownFileType = image.png; path = 9.png; sourceTree = "<group>"; };
		74147AE81994DD2700608648 /* 10.png */ = {isa = PBXFileReference; lastKnownFileType = image.png; path = 10.png; sourceTree = "<group>"; };
		74147AF31994DF5200608648 /* FriendsModel.h */ = {isa = PBXFileReference; fileEncoding = 4; lastKnownFileType = sourcecode.c.h; path = FriendsModel.h; sourceTree = "<group>"; };
		74147AF41994DF5200608648 /* FriendsModel.m */ = {isa = PBXFileReference; fileEncoding = 4; lastKnownFileType = sourcecode.c.objc; path = FriendsModel.m; sourceTree = "<group>"; };
		74E6CEBF1994E7CC0003B581 /* FriendCell.h */ = {isa = PBXFileReference; fileEncoding = 4; lastKnownFileType = sourcecode.c.h; path = FriendCell.h; sourceTree = "<group>"; };
		74E6CEC01994E7CC0003B581 /* FriendCell.m */ = {isa = PBXFileReference; fileEncoding = 4; lastKnownFileType = sourcecode.c.objc; path = FriendCell.m; sourceTree = "<group>"; };
/* End PBXFileReference section */

/* Begin PBXFrameworksBuildPhase section */
		74147A9E1994D50600608648 /* Frameworks */ = {
			isa = PBXFrameworksBuildPhase;
			buildActionMask = 2147483647;
			files = (
				74147AA71994D50600608648 /* CoreGraphics.framework in Frameworks */,
				74147AA91994D50600608648 /* UIKit.framework in Frameworks */,
				74147AA51994D50600608648 /* Foundation.framework in Frameworks */,
			);
			runOnlyForDeploymentPostprocessing = 0;
		};
		74147ABF1994D50600608648 /* Frameworks */ = {
			isa = PBXFrameworksBuildPhase;
			buildActionMask = 2147483647;
			files = (
				74147AC41994D50600608648 /* XCTest.framework in Frameworks */,
				74147AC61994D50600608648 /* UIKit.framework in Frameworks */,
				74147AC51994D50600608648 /* Foundation.framework in Frameworks */,
			);
			runOnlyForDeploymentPostprocessing = 0;
		};
/* End PBXFrameworksBuildPhase section */

/* Begin PBXGroup section */
		74147A981994D50600608648 = {
			isa = PBXGroup;
			children = (
				74147AAA1994D50600608648 /* iOS开发UI篇-使用UITableView完成一个简单的QQ好友列表 */,
				74147AC91994D50600608648 /* iOS开发UI篇-使用UITableView完成一个简单的QQ好友列表Tests */,
				74147AA31994D50600608648 /* Frameworks */,
				74147AA21994D50600608648 /* Products */,
			);
			sourceTree = "<group>";
		};
		74147AA21994D50600608648 /* Products */ = {
			isa = PBXGroup;
			children = (
				74147AA11994D50600608648 /* iOS开发UI篇-使用UITableView完成一个简单的QQ好友列表.app */,
				74147AC21994D50600608648 /* iOS开发UI篇-使用UITableView完成一个简单的QQ好友列表Tests.xctest */,
			);
			name = Products;
			sourceTree = "<group>";
		};
		74147AA31994D50600608648 /* Frameworks */ = {
			isa = PBXGroup;
			children = (
				74147AA41994D50600608648 /* Foundation.framework */,
				74147AA61994D50600608648 /* CoreGraphics.framework */,
				74147AA81994D50600608648 /* UIKit.framework */,
				74147AC31994D50600608648 /* XCTest.framework */,
			);
			name = Frameworks;
			sourceTree = "<group>";
		};
		74147AAA1994D50600608648 /* iOS开发UI篇-使用UITableView完成一个简单的QQ好友列表 */ = {
			isa = PBXGroup;
			children = (
				74147ADC1994DD0400608648 /* QQGroupModel.h */,
				74147ADD1994DD0400608648 /* QQGroupModel.m */,
				74E6CEBF1994E7CC0003B581 /* FriendCell.h */,
				74E6CEC01994E7CC0003B581 /* FriendCell.m */,
				74147AF31994DF5200608648 /* FriendsModel.h */,
				74147AF41994DF5200608648 /* FriendsModel.m */,
				74147ADB1994D99200608648 /* head */,
				74147AB31994D50600608648 /* AppDelegate.h */,
				74147AB41994D50600608648 /* AppDelegate.m */,
				74147AB61994D50600608648 /* Main.storyboard */,
				74147AB91994D50600608648 /* ViewController.h */,
				74147ABA1994D50600608648 /* ViewController.m */,
				74147ABC1994D50600608648 /* Images.xcassets */,
				74147AAB1994D50600608648 /* Supporting Files */,
			);
			path = "iOS开发UI篇-使用UITableView完成一个简单的QQ好友列表";
			sourceTree = "<group>";
		};
		74147AAB1994D50600608648 /* Supporting Files */ = {
			isa = PBXGroup;
			children = (
				74147AD91994D54900608648 /* friends.plist */,
				74147AAC1994D50600608648 /* iOS开发UI篇-使用UITableView完成一个简单的QQ好友列表-Info.plist */,
				74147AAD1994D50600608648 /* InfoPlist.strings */,
				74147AB01994D50600608648 /* main.m */,
				74147AB21994D50600608648 /* iOS开发UI篇-使用UITableView完成一个简单的QQ好友列表-Prefix.pch */,
			);
			name = "Supporting Files";
			sourceTree = "<group>";
		};
		74147AC91994D50600608648 /* iOS开发UI篇-使用UITableView完成一个简单的QQ好友列表Tests */ = {
			isa = PBXGroup;
			children = (
				74147ACF1994D50600608648 /* iOS__UI____UITableView_______QQ____Tests.m */,
				74147ACA1994D50600608648 /* Supporting Files */,
			);
			path = "iOS开发UI篇-使用UITableView完成一个简单的QQ好友列表Tests";
			sourceTree = "<group>";
		};
		74147ACA1994D50600608648 /* Supporting Files */ = {
			isa = PBXGroup;
			children = (
				74147ACB1994D50600608648 /* iOS开发UI篇-使用UITableView完成一个简单的QQ好友列表Tests-Info.plist */,
				74147ACC1994D50600608648 /* InfoPlist.strings */,
			);
			name = "Supporting Files";
			sourceTree = "<group>";
		};
		74147ADB1994D99200608648 /* head */ = {
			isa = PBXGroup;
			children = (
				74147ADF1994DD2700608648 /* 1.png */,
				74147AE01994DD2700608648 /* 2.png */,
				74147AE11994DD2700608648 /* 3.png */,
				74147AE21994DD2700608648 /* 4.png */,
				74147AE31994DD2700608648 /* 5.png */,
				74147AE41994DD2700608648 /* 6.png */,
				74147AE51994DD2700608648 /* 7.png */,
				74147AE61994DD2700608648 /* 8.png */,
				74147AE71994DD2700608648 /* 9.png */,
				74147AE81994DD2700608648 /* 10.png */,
			);
			name = head;
			sourceTree = "<group>";
		};
/* End PBXGroup section */

/* Begin PBXNativeTarget section */
		74147AA01994D50600608648 /* iOS开发UI篇-使用UITableView完成一个简单的QQ好友列表 */ = {
			isa = PBXNativeTarget;
			buildConfigurationList = 74147AD31994D50600608648 /* Build configuration list for PBXNativeTarget "iOS开发UI篇-使用UITableView完成一个简单的QQ好友列表" */;
			buildPhases = (
				74147A9D1994D50600608648 /* Sources */,
				74147A9E1994D50600608648 /* Frameworks */,
				74147A9F1994D50600608648 /* Resources */,
			);
			buildRules = (
			);
			dependencies = (
			);
			name = "iOS开发UI篇-使用UITableView完成一个简单的QQ好友列表";
			productName = "iOS开发UI篇-使用UITableView完成一个简单的QQ好友列表";
			productReference = 74147AA11994D50600608648 /* iOS开发UI篇-使用UITableView完成一个简单的QQ好友列表.app */;
			productType = "com.apple.product-type.application";
		};
		74147AC11994D50600608648 /* iOS开发UI篇-使用UITableView完成一个简单的QQ好友列表Tests */ = {
			isa = PBXNativeTarget;
			buildConfigurationList = 74147AD61994D50600608648 /* Build configuration list for PBXNativeTarget "iOS开发UI篇-使用UITableView完成一个简单的QQ好友列表Tests" */;
			buildPhases = (
				74147ABE1994D50600608648 /* Sources */,
				74147ABF1994D50600608648 /* Frameworks */,
				74147AC01994D50600608648 /* Resources */,
			);
			buildRules = (
			);
			dependencies = (
				74147AC81994D50600608648 /* PBXTargetDependency */,
			);
			name = "iOS开发UI篇-使用UITableView完成一个简单的QQ好友列表Tests";
			productName = "iOS开发UI篇-使用UITableView完成一个简单的QQ好友列表Tests";
			productReference = 74147AC21994D50600608648 /* iOS开发UI篇-使用UITableView完成一个简单的QQ好友列表Tests.xctest */;
			productType = "com.apple.product-type.bundle.unit-test";
		};
/* End PBXNativeTarget section */

/* Begin PBXProject section */
		74147A991994D50600608648 /* Project object */ = {
			isa = PBXProject;
			attributes = {
				LastUpgradeCheck = 0500;
				ORGANIZATIONNAME = a;
				TargetAttributes = {
					74147AC11994D50600608648 = {
						TestTargetID = 74147AA01994D50600608648;
					};
				};
			};
			buildConfigurationList = 74147A9C1994D50600608648 /* Build configuration list for PBXProject "iOS开发UI篇-使用UITableView完成一个简单的QQ好友列表" */;
			compatibilityVersion = "Xcode 3.2";
			developmentRegion = English;
			hasScannedForEncodings = 0;
			knownRegions = (
				en,
				Base,
			);
			mainGroup = 74147A981994D50600608648;
			productRefGroup = 74147AA21994D50600608648 /* Products */;
			projectDirPath = "";
			projectRoot = "";
			targets = (
				74147AA01994D50600608648 /* iOS开发UI篇-使用UITableView完成一个简单的QQ好友列表 */,
				74147AC11994D50600608648 /* iOS开发UI篇-使用UITableView完成一个简单的QQ好友列表Tests */,
			);
		};
/* End PBXProject section */

/* Begin PBXResourcesBuildPhase section */
		74147A9F1994D50600608648 /* Resources */ = {
			isa = PBXResourcesBuildPhase;
			buildActionMask = 2147483647;
			files = (
				74147AF01994DD2700608648 /* 8.png in Resources */,
				74147AEF1994DD2700608648 /* 7.png in Resources */,
				74147AEA1994DD2700608648 /* 2.png in Resources */,
				74147ABD1994D50600608648 /* Images.xcassets in Resources */,
				74147AF11994DD2700608648 /* 9.png in Resources */,
				74147AAF1994D50600608648 /* InfoPlist.strings in Resources */,
				74147ADA1994D54900608648 /* friends.plist in Resources */,
				74147AEE1994DD2700608648 /* 6.png in Resources */,
				74147AF21994DD2700608648 /* 10.png in Resources */,
				74147AEC1994DD2700608648 /* 4.png in Resources */,
				74147AB81994D50600608648 /* Main.storyboard in Resources */,
				74147AED1994DD2700608648 /* 5.png in Resources */,
				74147AEB1994DD2700608648 /* 3.png in Resources */,
				74147AE91994DD2700608648 /* 1.png in Resources */,
			);
			runOnlyForDeploymentPostprocessing = 0;
		};
		74147AC01994D50600608648 /* Resources */ = {
			isa = PBXResourcesBuildPhase;
			buildActionMask = 2147483647;
			files = (
				74147ACE1994D50600608648 /* InfoPlist.strings in Resources */,
			);
			runOnlyForDeploymentPostprocessing = 0;
		};
/* End PBXResourcesBuildPhase section */

/* Begin PBXSourcesBuildPhase section */
		74147A9D1994D50600608648 /* Sources */ = {
			isa = PBXSourcesBuildPhase;
			buildActionMask = 2147483647;
			files = (
				74147ABB1994D50600608648 /* ViewController.m in Sources */,
				74147AF51994DF5200608648 /* FriendsModel.m in Sources */,
				74147ADE1994DD0400608648 /* QQGroupModel.m in Sources */,
				74E6CEC11994E7CC0003B581 /* FriendCell.m in Sources */,
				74147AB51994D50600608648 /* AppDelegate.m in Sources */,
				74147AB11994D50600608648 /* main.m in Sources */,
			);
			runOnlyForDeploymentPostprocessing = 0;
		};
		74147ABE1994D50600608648 /* Sources */ = {
			isa = PBXSourcesBuildPhase;
			buildActionMask = 2147483647;
			files = (
				74147AD01994D50600608648 /* iOS__UI____UITableView_______QQ____Tests.m in Sources */,
			);
			runOnlyForDeploymentPostprocessing = 0;
		};
/* End PBXSourcesBuildPhase section */

/* Begin PBXTargetDependency section */
		74147AC81994D50600608648 /* PBXTargetDependency */ = {
			isa = PBXTargetDependency;
			target = 74147AA01994D50600608648 /* iOS开发UI篇-使用UITableView完成一个简单的QQ好友列表 */;
			targetProxy = 74147AC71994D50600608648 /* PBXContainerItemProxy */;
		};
/* End PBXTargetDependency section */

/* Begin PBXVariantGroup section */
		74147AAD1994D50600608648 /* InfoPlist.strings */ = {
			isa = PBXVariantGroup;
			children = (
				74147AAE1994D50600608648 /* en */,
			);
			name = InfoPlist.strings;
			sourceTree = "<group>";
		};
		74147AB61994D50600608648 /* Main.storyboard */ = {
			isa = PBXVariantGroup;
			children = (
				74147AB71994D50600608648 /* Base */,
			);
			name = Main.storyboard;
			sourceTree = "<group>";
		};
		74147ACC1994D50600608648 /* InfoPlist.strings */ = {
			isa = PBXVariantGroup;
			children = (
				74147ACD1994D50600608648 /* en */,
			);
			name = InfoPlist.strings;
			sourceTree = "<group>";
		};
/* End PBXVariantGroup section */

/* Begin XCBuildConfiguration section */
		74147AD11994D50600608648 /* Debug */ = {
			isa = XCBuildConfiguration;
			buildSettings = {
				ALWAYS_SEARCH_USER_PATHS = NO;
				ARCHS = "$(ARCHS_STANDARD_INCLUDING_64_BIT)";
				CLANG_CXX_LANGUAGE_STANDARD = "gnu++0x";
				CLANG_CXX_LIBRARY = "libc++";
				CLANG_ENABLE_MODULES = YES;
				CLANG_ENABLE_OBJC_ARC = YES;
				CLANG_WARN_BOOL_CONVERSION = YES;
				CLANG_WARN_CONSTANT_CONVERSION = YES;
				CLANG_WARN_DIRECT_OBJC_ISA_USAGE = YES_ERROR;
				CLANG_WARN_EMPTY_BODY = YES;
				CLANG_WARN_ENUM_CONVERSION = YES;
				CLANG_WARN_INT_CONVERSION = YES;
				CLANG_WARN_OBJC_ROOT_CLASS = YES_ERROR;
				CLANG_WARN__DUPLICATE_METHOD_MATCH = YES;
				"CODE_SIGN_IDENTITY[sdk=iphoneos*]" = "iPhone Developer";
				COPY_PHASE_STRIP = NO;
				GCC_C_LANGUAGE_STANDARD = gnu99;
				GCC_DYNAMIC_NO_PIC = NO;
				GCC_OPTIMIZATION_LEVEL = 0;
				GCC_PREPROCESSOR_DEFINITIONS = (
					"DEBUG=1",
					"$(inherited)",
				);
				GCC_SYMBOLS_PRIVATE_EXTERN = NO;
				GCC_WARN_64_TO_32_BIT_CONVERSION = YES;
				GCC_WARN_ABOUT_RETURN_TYPE = YES_ERROR;
				GCC_WARN_UNDECLARED_SELECTOR = YES;
				GCC_WARN_UNINITIALIZED_AUTOS = YES;
				GCC_WARN_UNUSED_FUNCTION = YES;
				GCC_WARN_UNUSED_VARIABLE = YES;
				IPHONEOS_DEPLOYMENT_TARGET = 7.0;
				ONLY_ACTIVE_ARCH = YES;
				SDKROOT = iphoneos;
			};
			name = Debug;
		};
		74147AD21994D50600608648 /* Release */ = {
			isa = XCBuildConfiguration;
			buildSettings = {
				ALWAYS_SEARCH_USER_PATHS = NO;
				ARCHS = "$(ARCHS_STANDARD_INCLUDING_64_BIT)";
				CLANG_CXX_LANGUAGE_STANDARD = "gnu++0x";
				CLANG_CXX_LIBRARY = "libc++";
				CLANG_ENABLE_MODULES = YES;
				CLANG_ENABLE_OBJC_ARC = YES;
				CLANG_WARN_BOOL_CONVERSION = YES;
				CLANG_WARN_CONSTANT_CONVERSION = YES;
				CLANG_WARN_DIRECT_OBJC_ISA_USAGE = YES_ERROR;
				CLANG_WARN_EMPTY_BODY = YES;
				CLANG_WARN_ENUM_CONVERSION = YES;
				CLANG_WARN_INT_CONVERSION = YES;
				CLANG_WARN_OBJC_ROOT_CLASS = YES_ERROR;
				CLANG_WARN__DUPLICATE_METHOD_MATCH = YES;
				"CODE_SIGN_IDENTITY[sdk=iphoneos*]" = "iPhone Developer";
				COPY_PHASE_STRIP = YES;
				ENABLE_NS_ASSERTIONS = NO;
				GCC_C_LANGUAGE_STANDARD = gnu99;
				GCC_WARN_64_TO_32_BIT_CONVERSION = YES;
				GCC_WARN_ABOUT_RETURN_TYPE = YES_ERROR;
				GCC_WARN_UNDECLARED_SELECTOR = YES;
				GCC_WARN_UNINITIALIZED_AUTOS = YES;
				GCC_WARN_UNUSED_FUNCTION = YES;
				GCC_WARN_UNUSED_VARIABLE = YES;
				IPHONEOS_DEPLOYMENT_TARGET = 7.0;
				SDKROOT = iphoneos;
				VALIDATE_PRODUCT = YES;
			};
			name = Release;
		};
		74147AD41994D50600608648 /* Debug */ = {
			isa = XCBuildConfiguration;
			buildSettings = {
				ASSETCATALOG_COMPILER_APPICON_NAME = AppIcon;
				ASSETCATALOG_COMPILER_LAUNCHIMAGE_NAME = LaunchImage;
				GCC_PRECOMPILE_PREFIX_HEADER = YES;
				GCC_PREFIX_HEADER = "iOS开发UI篇-使用UITableView完成一个简单的QQ好友列表/iOS开发UI篇-使用UITableView完成一个简单的QQ好友列表-Prefix.pch";
				INFOPLIST_FILE = "iOS开发UI篇-使用UITableView完成一个简单的QQ好友列表/iOS开发UI篇-使用UITableView完成一个简单的QQ好友列表-Info.plist";
				PRODUCT_NAME = "$(TARGET_NAME)";
				WRAPPER_EXTENSION = app;
			};
			name = Debug;
		};
		74147AD51994D50600608648 /* Release */ = {
			isa = XCBuildConfiguration;
			buildSettings = {
				ASSETCATALOG_COMPILER_APPICON_NAME = AppIcon;
				ASSETCATALOG_COMPILER_LAUNCHIMAGE_NAME = LaunchImage;
				GCC_PRECOMPILE_PREFIX_HEADER = YES;
				GCC_PREFIX_HEADER = "iOS开发UI篇-使用UITableView完成一个简单的QQ好友列表/iOS开发UI篇-使用UITableView完成一个简单的QQ好友列表-Prefix.pch";
				INFOPLIST_FILE = "iOS开发UI篇-使用UITableView完成一个简单的QQ好友列表/iOS开发UI篇-使用UITableView完成一个简单的QQ好友列表-Info.plist";
				PRODUCT_NAME = "$(TARGET_NAME)";
				WRAPPER_EXTENSION = app;
			};
			name = Release;
		};
		74147AD71994D50600608648 /* Debug */ = {
			isa = XCBuildConfiguration;
			buildSettings = {
				ARCHS = "$(ARCHS_STANDARD_INCLUDING_64_BIT)";
				BUNDLE_LOADER = "$(BUILT_PRODUCTS_DIR)/iOS开发UI篇-使用UITableView完成一个简单的QQ好友列表.app/iOS开发UI篇-使用UITableView完成一个简单的QQ好友列表";
				FRAMEWORK_SEARCH_PATHS = (
					"$(SDKROOT)/Developer/Library/Frameworks",
					"$(inherited)",
					"$(DEVELOPER_FRAMEWORKS_DIR)",
				);
				GCC_PRECOMPILE_PREFIX_HEADER = YES;
				GCC_PREFIX_HEADER = "iOS开发UI篇-使用UITableView完成一个简单的QQ好友列表/iOS开发UI篇-使用UITableView完成一个简单的QQ好友列表-Prefix.pch";
				GCC_PREPROCESSOR_DEFINITIONS = (
					"DEBUG=1",
					"$(inherited)",
				);
				INFOPLIST_FILE = "iOS开发UI篇-使用UITableView完成一个简单的QQ好友列表Tests/iOS开发UI篇-使用UITableView完成一个简单的QQ好友列表Tests-Info.plist";
				PRODUCT_NAME = "$(TARGET_NAME)";
				TEST_HOST = "$(BUNDLE_LOADER)";
				WRAPPER_EXTENSION = xctest;
			};
			name = Debug;
		};
		74147AD81994D50600608648 /* Release */ = {
			isa = XCBuildConfiguration;
			buildSettings = {
				ARCHS = "$(ARCHS_STANDARD_INCLUDING_64_BIT)";
				BUNDLE_LOADER = "$(BUILT_PRODUCTS_DIR)/iOS开发UI篇-使用UITableView完成一个简单的QQ好友列表.app/iOS开发UI篇-使用UITableView完成一个简单的QQ好友列表";
				FRAMEWORK_SEARCH_PATHS = (
					"$(SDKROOT)/Developer/Library/Frameworks",
					"$(inherited)",
					"$(DEVELOPER_FRAMEWORKS_DIR)",
				);
				GCC_PRECOMPILE_PREFIX_HEADER = YES;
				GCC_PREFIX_HEADER = "iOS开发UI篇-使用UITableView完成一个简单的QQ好友列表/iOS开发UI篇-使用UITableView完成一个简单的QQ好友列表-Prefix.pch";
				INFOPLIST_FILE = "iOS开发UI篇-使用UITableView完成一个简单的QQ好友列表Tests/iOS开发UI篇-使用UITableView完成一个简单的QQ好友列表Tests-Info.plist";
				PRODUCT_NAME = "$(TARGET_NAME)";
				TEST_HOST = "$(BUNDLE_LOADER)";
				WRAPPER_EXTENSION = xctest;
			};
			name = Release;
		};
/* End XCBuildConfiguration section */

/* Begin XCConfigurationList section */
		74147A9C1994D50600608648 /* Build configuration list for PBXProject "iOS开发UI篇-使用UITableView完成一个简单的QQ好友列表" */ = {
			isa = XCConfigurationList;
			buildConfigurations = (
				74147AD11994D50600608648 /* Debug */,
				74147AD21994D50600608648 /* Release */,
			);
			defaultConfigurationIsVisible = 0;
			defaultConfigurationName = Release;
		};
		74147AD31994D50600608648 /* Build configuration list for PBXNativeTarget "iOS开发UI篇-使用UITableView完成一个简单的QQ好友列表" */ = {
			isa = XCConfigurationList;
			buildConfigurations = (
				74147AD41994D50600608648 /* Debug */,
				74147AD51994D50600608648 /* Release */,
			);
			defaultConfigurationIsVisible = 0;
			defaultConfigurationName = Release;
		};
		74147AD61994D50600608648 /* Build configuration list for PBXNativeTarget "iOS开发UI篇-使用UITableView完成一个简单的QQ好友列表Tests" */ = {
			isa = XCConfigurationList;
			buildConfigurations = (
				74147AD71994D50600608648 /* Debug */,
				74147AD81994D50600608648 /* Release */,
			);
			defaultConfigurationIsVisible = 0;
			defaultConfigurationName = Release;
		};
/* End XCConfigurationList section */
	};
	rootObject = 74147A991994D50600608648 /* Project object */;
}
