<?xml version="1.0" encoding="UTF-8"?>
<Scheme
   LastUpgradeVersion = "0500"
   version = "1.3">
   <BuildAction
      parallelizeBuildables = "YES"
      buildImplicitDependencies = "YES">
      <BuildActionEntries>
         <BuildActionEntry
            buildForTesting = "YES"
            buildForRunning = "YES"
            buildForProfiling = "YES"
            buildForArchiving = "YES"
            buildForAnalyzing = "YES">
            <BuildableReference
               BuildableIdentifier = "primary"
               BlueprintIdentifier = "7483A675199107AF006AC38C"
               BuildableName = "iOS&#24320;&#21457;UI&#31687;-&#20174;&#20195;&#30721;&#30340;&#36880;&#27493;&#20248;&#21270;&#30475;MVC.app"
               BlueprintName = "iOS&#24320;&#21457;UI&#31687;-&#20174;&#20195;&#30721;&#30340;&#36880;&#27493;&#20248;&#21270;&#30475;MVC"
               ReferencedContainer = "container:iOS&#24320;&#21457;UI&#31687;-&#20174;&#20195;&#30721;&#30340;&#36880;&#27493;&#20248;&#21270;&#30475;MVC.xcodeproj">
            </BuildableReference>
         </BuildActionEntry>
      </BuildActionEntries>
   </BuildAction>
   <TestAction
      selectedDebuggerIdentifier = "Xcode.DebuggerFoundation.Debugger.LLDB"
      selectedLauncherIdentifier = "Xcode.DebuggerFoundation.Launcher.LLDB"
      shouldUseLaunchSchemeArgsEnv = "YES"
      buildConfiguration = "Debug">
      <Testables>
         <TestableReference
            skipped = "NO">
            <BuildableReference
               BuildableIdentifier = "primary"
               BlueprintIdentifier = "7483A696199107AF006AC38C"
               BuildableName = "iOS&#24320;&#21457;UI&#31687;-&#20174;&#20195;&#30721;&#30340;&#36880;&#27493;&#20248;&#21270;&#30475;MVCTests.xctest"
               BlueprintName = "iOS&#24320;&#21457;UI&#31687;-&#20174;&#20195;&#30721;&#30340;&#36880;&#27493;&#20248;&#21270;&#30475;MVCTests"
               ReferencedContainer = "container:iOS&#24320;&#21457;UI&#31687;-&#20174;&#20195;&#30721;&#30340;&#36880;&#27493;&#20248;&#21270;&#30475;MVC.xcodeproj">
            </BuildableReference>
         </TestableReference>
      </Testables>
      <MacroExpansion>
         <BuildableReference
            BuildableIdentifier = "primary"
            BlueprintIdentifier = "7483A675199107AF006AC38C"
            BuildableName = "iOS&#24320;&#21457;UI&#31687;-&#20174;&#20195;&#30721;&#30340;&#36880;&#27493;&#20248;&#21270;&#30475;MVC.app"
            BlueprintName = "iOS&#24320;&#21457;UI&#31687;-&#20174;&#20195;&#30721;&#30340;&#36880;&#27493;&#20248;&#21270;&#30475;MVC"
            ReferencedContainer = "container:iOS&#24320;&#21457;UI&#31687;-&#20174;&#20195;&#30721;&#30340;&#36880;&#27493;&#20248;&#21270;&#30475;MVC.xcodeproj">
         </BuildableReference>
      </MacroExpansion>
   </TestAction>
   <LaunchAction
      selectedDebuggerIdentifier = "Xcode.DebuggerFoundation.Debugger.LLDB"
      selectedLauncherIdentifier = "Xcode.DebuggerFoundation.Launcher.LLDB"
      launchStyle = "0"
      useCustomWorkingDirectory = "NO"
      buildConfiguration = "Debug"
      ignoresPersistentStateOnLaunch = "NO"
      debugDocumentVersioning = "YES"
      allowLocationSimulation = "YES">
      <BuildableProductRunnable>
         <BuildableReference
            BuildableIdentifier = "primary"
            BlueprintIdentifier = "7483A675199107AF006AC38C"
            BuildableName = "iOS&#24320;&#21457;UI&#31687;-&#20174;&#20195;&#30721;&#30340;&#36880;&#27493;&#20248;&#21270;&#30475;MVC.app"
            BlueprintName = "iOS&#24320;&#21457;UI&#31687;-&#20174;&#20195;&#30721;&#30340;&#36880;&#27493;&#20248;&#21270;&#30475;MVC"
            ReferencedContainer = "container:iOS&#24320;&#21457;UI&#31687;-&#20174;&#20195;&#30721;&#30340;&#36880;&#27493;&#20248;&#21270;&#30475;MVC.xcodeproj">
         </BuildableReference>
      </BuildableProductRunnable>
      <AdditionalOptions>
      </AdditionalOptions>
   </LaunchAction>
   <ProfileAction
      shouldUseLaunchSchemeArgsEnv = "YES"
      savedToolIdentifier = ""
      useCustomWorkingDirectory = "NO"
      buildConfiguration = "Release"
      debugDocumentVersioning = "YES">
      <BuildableProductRunnable>
         <BuildableReference
            BuildableIdentifier = "primary"
            BlueprintIdentifier = "7483A675199107AF006AC38C"
            BuildableName = "iOS&#24320;&#21457;UI&#31687;-&#20174;&#20195;&#30721;&#30340;&#36880;&#27493;&#20248;&#21270;&#30475;MVC.app"
            BlueprintName = "iOS&#24320;&#21457;UI&#31687;-&#20174;&#20195;&#30721;&#30340;&#36880;&#27493;&#20248;&#21270;&#30475;MVC"
            ReferencedContainer = "container:iOS&#24320;&#21457;UI&#31687;-&#20174;&#20195;&#30721;&#30340;&#36880;&#27493;&#20248;&#21270;&#30475;MVC.xcodeproj">
         </BuildableReference>
      </BuildableProductRunnable>
   </ProfileAction>
   <AnalyzeAction
      buildConfiguration = "Debug">
   </AnalyzeAction>
   <ArchiveAction
      buildConfiguration = "Release"
      revealArchiveInOrganizer = "YES">
   </ArchiveAction>
</Scheme>
